// !$*UTF8*$!
{
	archiveVersion = 1;
	classes = {
	};
	objectVersion = 50;
	objects = {

/* Begin PBXBuildFile section */
		23CD4E62216FE45E00541164 /* AppDelegate.swift in Sources */ = {isa = PBXBuildFile; fileRef = 23CD4E61216FE45E00541164 /* AppDelegate.swift */; };
		23CD4E64216FE45E00541164 /* ViewController.swift in Sources */ = {isa = PBXBuildFile; fileRef = 23CD4E63216FE45E00541164 /* ViewController.swift */; };
		23CD4E67216FE45E00541164 /* Main.storyboard in Resources */ = {isa = PBXBuildFile; fileRef = 23CD4E65216FE45E00541164 /* Main.storyboard */; };
		23CD4E69216FE46100541164 /* Assets.xcassets in Resources */ = {isa = PBXBuildFile; fileRef = 23CD4E68216FE46100541164 /* Assets.xcassets */; };
		23CD4E6C216FE46100541164 /* LaunchScreen.storyboard in Resources */ = {isa = PBXBuildFile; fileRef = 23CD4E6A216FE46100541164 /* LaunchScreen.storyboard */; };
/* End PBXBuildFile section */

/* Begin PBXFileReference section */
		23CD4E5E216FE45E00541164 /* ImageRequest.app */ = {isa = PBXFileReference; explicitFileType = wrapper.application; includeInIndex = 0; path = ImageRequest.app; sourceTree = BUILT_PRODUCTS_DIR; };
		23CD4E61216FE45E00541164 /* AppDelegate.swift */ = {isa = PBXFileReference; lastKnownFileType = sourcecode.swift; path = AppDelegate.swift; sourceTree = "<group>"; };
		23CD4E63216FE45E00541164 /* ViewController.swift */ = {isa = PBXFileReference; lastKnownFileType = sourcecode.swift; path = ViewController.swift; sourceTree = "<group>"; };
		23CD4E66216FE45E00541164 /* Base */ = {isa = PBXFileReference; lastKnownFileType = file.storyboard; name = Base; path = Base.lproj/Main.storyboard; sourceTree = "<group>"; };
		23CD4E68216FE46100541164 /* Assets.xcassets */ = {isa = PBXFileReference; lastKnownFileType = folder.assetcatalog; path = Assets.xcassets; sourceTree = "<group>"; };
		23CD4E6B216FE46100541164 /* Base */ = {isa = PBXFileReference; lastKnownFileType = file.storyboard; name = Base; path = Base.lproj/LaunchScreen.storyboard; sourceTree = "<group>"; };
		23CD4E6D216FE46100541164 /* Info.plist */ = {isa = PBXFileReference; lastKnownFileType = text.plist.xml; path = Info.plist; sourceTree = "<group>"; };
/* End PBXFileReference section */

/* Begin PBXFrameworksBuildPhase section */
		23CD4E5B216FE45E00541164 /* Frameworks */ = {
			isa = PBXFrameworksBuildPhase;
			buildActionMask = 2147483647;
			files = (
			);
			runOnlyForDeploymentPostprocessing = 0;
		};
/* End PBXFrameworksBuildPhase section */

/* Begin PBXGroup section */
		23CD4E55216FE45E00541164 = {
			isa = PBXGroup;
			children = (
				23CD4E60216FE45E00541164 /* ImageRequest */,
				23CD4E5F216FE45E00541164 /* Products */,
			);
			sourceTree = "<group>";
		};
		23CD4E5F216FE45E00541164 /* Products */ = {
			isa = PBXGroup;
			children = (
				23CD4E5E216FE45E00541164 /* ImageRequest.app */,
			);
			name = Products;
			sourceTree = "<group>";
		};
		23CD4E60216FE45E00541164 /* ImageRequest */ = {
			isa = PBXGroup;
			children = (
				23CD4E75216FE4C600541164 /* Model */,
				23CD4E73216FE4AD00541164 /* View */,
				23CD4E74216FE4BD00541164 /* Controller */,
				23CD4E6D216FE46100541164 /* Info.plist */,
			);
			path = ImageRequest;
			sourceTree = "<group>";
		};
		23CD4E73216FE4AD00541164 /* View */ = {
			isa = PBXGroup;
			children = (
				23CD4E65216FE45E00541164 /* Main.storyboard */,
				23CD4E68216FE46100541164 /* Assets.xcassets */,
				23CD4E6A216FE46100541164 /* LaunchScreen.storyboard */,
			);
			path = View;
			sourceTree = "<group>";
		};
		23CD4E74216FE4BD00541164 /* Controller */ = {
			isa = PBXGroup;
			children = (
				23CD4E61216FE45E00541164 /* AppDelegate.swift */,
				23CD4E63216FE45E00541164 /* ViewController.swift */,
			);
			path = Controller;
			sourceTree = "<group>";
		};
		23CD4E75216FE4C600541164 /* Model */ = {
			isa = PBXGroup;
			children = (
			);
			path = Model;
			sourceTree = "<group>";
		};
/* End PBXGroup section */

/* Begin PBXNativeTarget section */
		23CD4E5D216FE45E00541164 /* ImageRequest */ = {
			isa = PBXNativeTarget;
			buildConfigurationList = 23CD4E70216FE46100541164 /* Build configuration list for PBXNativeTarget "ImageRequest" */;
			buildPhases = (
				23CD4E5A216FE45E00541164 /* Sources */,
				23CD4E5B216FE45E00541164 /* Frameworks */,
				23CD4E5C216FE45E00541164 /* Resources */,
			);
			buildRules = (
			);
			dependencies = (
			);
			name = ImageRequest;
			productName = ImageRequest;
			productReference = 23CD4E5E216FE45E00541164 /* ImageRequest.app */;
			productType = "com.apple.product-type.application";
		};
/* End PBXNativeTarget section */

/* Begin PBXProject section */
		23CD4E56216FE45E00541164 /* Project object */ = {
			isa = PBXProject;
			attributes = {
				LastSwiftUpdateCheck = 1000;
				LastUpgradeCheck = 1000;
				ORGANIZATIONNAME = Udacity;
				TargetAttributes = {
					23CD4E5D216FE45E00541164 = {
						CreatedOnToolsVersion = 10.0;
						LastSwiftMigration = 1020;
					};
				};
			};
			buildConfigurationList = 23CD4E59216FE45E00541164 /* Build configuration list for PBXProject "ImageRequest" */;
			compatibilityVersion = "Xcode 9.3";
			developmentRegion = en;
			hasScannedForEncodings = 0;
			knownRegions = (
				en,
				Base,
			);
			mainGroup = 23CD4E55216FE45E00541164;
			productRefGroup = 23CD4E5F216FE45E00541164 /* Products */;
			projectDirPath = "";
			projectRoot = "";
			targets = (
				23CD4E5D216FE45E00541164 /* ImageRequest */,
			);
		};
/* End PBXProject section */

/* Begin PBXResourcesBuildPhase section */
		23CD4E5C216FE45E00541164 /* Resources */ = {
			isa = PBXResourcesBuildPhase;
			buildActionMask = 2147483647;
			files = (
				23CD4E6C216FE46100541164 /* LaunchScreen.storyboard in Resources */,
				23CD4E69216FE46100541164 /* Assets.xcassets in Resources */,
				23CD4E67216FE45E00541164 /* Main.storyboard in Resources */,
			);
			runOnlyForDeploymentPostprocessing = 0;
		};
/* End PBXResourcesBuildPhase section */

/* Begin PBXSourcesBuildPhase section */
		23CD4E5A216FE45E00541164 /* Sources */ = {
			isa = PBXSourcesBuildPhase;
			buildActionMask = 2147483647;
			files = (
				23CD4E64216FE45E00541164 /* ViewController.swift in Sources */,
				23CD4E62216FE45E00541164 /* AppDelegate.swift in Sources */,
			);
			runOnlyForDeploymentPostprocessing = 0;
		};
/* End PBXSourcesBuildPhase section */

/* Begin PBXVariantGroup section */
		23CD4E65216FE45E00541164 /* Main.storyboard */ = {
			isa = PBXVariantGroup;
			children = (
				23CD4E66216FE45E00541164 /* Base */,
			);
			name = Main.storyboard;
			sourceTree = "<group>";
		};
		23CD4E6A216FE46100541164 /* LaunchScreen.storyboard */ = {
			isa = PBXVariantGroup;
			children = (
				23CD4E6B216FE46100541164 /* Base */,
			);
			name = LaunchScreen.storyboard;
			sourceTree = "<group>";
		};
/* End PBXVariantGroup section */

/* Begin XCBuildConfiguration section */
		23CD4E6E216FE46100541164 /* Debug */ = {
			isa = XCBuildConfiguration;
			buildSettings = {
				ALWAYS_SEARCH_USER_PATHS = NO;
				CLANG_ANALYZER_NONNULL = YES;
				CLANG_ANALYZER_NUMBER_OBJECT_CONVERSION = YES_AGGRESSIVE;
				CLANG_CXX_LANGUAGE_STANDARD = "gnu++14";
				CLANG_CXX_LIBRARY = "libc++";
				CLANG_ENABLE_MODULES = YES;
				CLANG_ENABLE_OBJC_ARC = YES;
				CLANG_ENABLE_OBJC_WEAK = YES;
				CLANG_WARN_BLOCK_CAPTURE_AUTORELEASING = YES;
				CLANG_WARN_BOOL_CONVERSION = YES;
				CLANG_WARN_COMMA = YES;
				CLANG_WARN_CONSTANT_CONVERSION = YES;
				CLANG_WARN_DEPRECATED_OBJC_IMPLEMENTATIONS = YES;
				CLANG_WARN_DIRECT_OBJC_ISA_USAGE = YES_ERROR;
				CLANG_WARN_DOCUMENTATION_COMMENTS = YES;
				CLANG_WARN_EMPTY_BODY = YES;
				CLANG_WARN_ENUM_CONVERSION = YES;
				CLANG_WARN_INFINITE_RECURSION = YES;
				CLANG_WARN_INT_CONVERSION = YES;
				CLANG_WARN_NON_LITERAL_NULL_CONVERSION = YES;
				CLANG_WARN_OBJC_IMPLICIT_RETAIN_SELF = YES;
				CLANG_WARN_OBJC_LITERAL_CONVERSION = YES;
				CLANG_WARN_OBJC_ROOT_CLASS = YES_ERROR;
				CLANG_WARN_RANGE_LOOP_ANALYSIS = YES;
				CLANG_WARN_STRICT_PROTOTYPES = YES;
				CLANG_WARN_SUSPICIOUS_MOVE = YES;
				CLANG_WARN_UNGUARDED_AVAILABILITY = YES_AGGRESSIVE;
				CLANG_WARN_UNREACHABLE_CODE = YES;
				CLANG_WARN__DUPLICATE_METHOD_MATCH = YES;
				CODE_SIGN_IDENTITY = "iPhone Developer";
				COPY_PHASE_STRIP = NO;
				DEBUG_INFORMATION_FORMAT = dwarf;
				ENABLE_STRICT_OBJC_MSGSEND = YES;
				ENABLE_TESTABILITY = YES;
				GCC_C_LANGUAGE_STANDARD = gnu11;
				GCC_DYNAMIC_NO_PIC = NO;
				GCC_NO_COMMON_BLOCKS = YES;
				GCC_OPTIMIZATION_LEVEL = 0;
				GCC_PREPROCESSOR_DEFINITIONS = (
					"DEBUG=1",
					"$(inherited)",
				);
				GCC_WARN_64_TO_32_BIT_CONVERSION = YES;
				GCC_WARN_ABOUT_RETURN_TYPE = YES_ERROR;
				GCC_WARN_UNDECLARED_SELECTOR = YES;
				GCC_WARN_UNINITIALIZED_AUTOS = YES_AGGRESSIVE;
				GCC_WARN_UNUSED_FUNCTION = YES;
				GCC_WARN_UNUSED_VARIABLE = YES;
				IPHONEOS_DEPLOYMENT_TARGET = 12.0;
				MTL_ENABLE_DEBUG_INFO = INCLUDE_SOURCE;
				MTL_FAST_MATH = YES;
				ONLY_ACTIVE_ARCH = YES;
				SDKROOT = iphoneos;
				SWIFT_ACTIVE_COMPILATION_CONDITIONS = DEBUG;
				SWIFT_OPTIMIZATION_LEVEL = "-Onone";
			};
			name = Debug;
		};
		23CD4E6F216FE46100541164 /* Release */ = {
			isa = XCBuildConfiguration;
			buildSettings = {
				ALWAYS_SEARCH_USER_PATHS = NO;
				CLANG_ANALYZER_NONNULL = YES;
				CLANG_ANALYZER_NUMBER_OBJECT_CONVERSION = YES_AGGRESSIVE;
				CLANG_CXX_LANGUAGE_STANDARD = "gnu++14";
				CLANG_CXX_LIBRARY = "libc++";
				CLANG_ENABLE_MODULES = YES;
				CLANG_ENABLE_OBJC_ARC = YES;
				CLANG_ENABLE_OBJC_WEAK = YES;
				CLANG_WARN_BLOCK_CAPTURE_AUTORELEASING = YES;
				CLANG_WARN_BOOL_CONVERSION = YES;
				CLANG_WARN_COMMA = YES;
				CLANG_WARN_CONSTANT_CONVERSION = YES;
				CLANG_WARN_DEPRECATED_OBJC_IMPLEMENTATIONS = YES;
				CLANG_WARN_DIRECT_OBJC_ISA_USAGE = YES_ERROR;
				CLANG_WARN_DOCUMENTATION_COMMENTS = YES;
				CLANG_WARN_EMPTY_BODY = YES;
				CLANG_WARN_ENUM_CONVERSION = YES;
				CLANG_WARN_INFINITE_RECURSION = YES;
				CLANG_WARN_INT_CONVERSION = YES;
				CLANG_WARN_NON_LITERAL_NULL_CONVERSION = YES;
				CLANG_WARN_OBJC_IMPLICIT_RETAIN_SELF = YES;
				CLANG_WARN_OBJC_LITERAL_CONVERSION = YES;
				CLANG_WARN_OBJC_ROOT_CLASS = YES_ERROR;
				CLANG_WARN_RANGE_LOOP_ANALYSIS = YES;
				CLANG_WARN_STRICT_PROTOTYPES = YES;
				CLANG_WARN_SUSPICIOUS_MOVE = YES;
				CLANG_WARN_UNGUARDED_AVAILABILITY = YES_AGGRESSIVE;
				CLANG_WARN_UNREACHABLE_CODE = YES;
				CLANG_WARN__DUPLICATE_METHOD_MATCH = YES;
				CODE_SIGN_IDENTITY = "iPhone Developer";
				COPY_PHASE_STRIP = NO;
				DEBUG_INFORMATION_FORMAT = "dwarf-with-dsym";
				ENABLE_NS_ASSERTIONS = NO;
				ENABLE_STRICT_OBJC_MSGSEND = YES;
				GCC_C_LANGUAGE_STANDARD = gnu11;
				GCC_NO_COMMON_BLOCKS = YES;
				GCC_WARN_64_TO_32_BIT_CONVERSION = YES;
				GCC_WARN_ABOUT_RETURN_TYPE = YES_ERROR;
				GCC_WARN_UNDECLARED_SELECTOR = YES;
				GCC_WARN_UNINITIALIZED_AUTOS = YES_AGGRESSIVE;
				GCC_WARN_UNUSED_FUNCTION = YES;
				GCC_WARN_UNUSED_VARIABLE = YES;
				IPHONEOS_DEPLOYMENT_TARGET = 12.0;
				MTL_ENABLE_DEBUG_INFO = NO;
				MTL_FAST_MATH = YES;
				SDKROOT = iphoneos;
				SWIFT_COMPILATION_MODE = wholemodule;
				SWIFT_OPTIMIZATION_LEVEL = "-O";
				VALIDATE_PRODUCT = YES;
			};
			name = Release;
		};
		23CD4E71216FE46100541164 /* Debug */ = {
			isa = XCBuildConfiguration;
			buildSettings = {
				ASSETCATALOG_COMPILER_APPICON_NAME = AppIcon;
				CODE_SIGN_STYLE = Automatic;
				INFOPLIST_FILE = ImageRequest/Info.plist;
				LD_RUNPATH_SEARCH_PATHS = (
					"$(inherited)",
					"@executable_path/Frameworks",
				);
				PRODUCT_BUNDLE_IDENTIFIER = com.udacity.ImageRequest;
				PRODUCT_NAME = "$(TARGET_NAME)";
				SWIFT_VERSION = 5.0;
				TARGETED_DEVICE_FAMILY = "1,2";
			};
			name = Debug;
		};
		23CD4E72216FE46100541164 /* Release */ = {
			isa = XCBuildConfiguration;
			buildSettings = {
				ASSETCATALOG_COMPILER_APPICON_NAME = AppIcon;
				CODE_SIGN_STYLE = Automatic;
				INFOPLIST_FILE = ImageRequest/Info.plist;
				LD_RUNPATH_SEARCH_PATHS = (
					"$(inherited)",
					"@executable_path/Frameworks",
				);
				PRODUCT_BUNDLE_IDENTIFIER = com.udacity.ImageRequest;
				PRODUCT_NAME = "$(TARGET_NAME)";
				SWIFT_VERSION = 5.0;
				TARGETED_DEVICE_FAMILY = "1,2";
			};
			name = Release;
		};
/* End XCBuildConfiguration section */

/* Begin XCConfigurationList section */
		23CD4E59216FE45E00541164 /* Build configuration list for PBXProject "ImageRequest" */ = {
			isa = XCConfigurationList;
			buildConfigurations = (
				23CD4E6E216FE46100541164 /* Debug */,
				23CD4E6F216FE46100541164 /* Release */,
			);
			defaultConfigurationIsVisible = 0;
			defaultConfigurationName = Release;
		};
		23CD4E70216FE46100541164 /* Build configuration list for PBXNativeTarget "ImageRequest" */ = {
			isa = XCConfigurationList;
			buildConfigurations = (
				23CD4E71216FE46100541164 /* Debug */,
				23CD4E72216FE46100541164 /* Release */,
			);
			defaultConfigurationIsVisible = 0;
			defaultConfigurationName = Release;
		};
/* End XCConfigurationList section */
	};
	rootObject = 23CD4E56216FE45E00541164 /* Project object */;
}
