// !$*UTF8*$!
{
	archiveVersion = 1;
	classes = {
	};
	objectVersion = 46;
	objects = {

/* Begin PBXBuildFile section */
		A9A3A21E1BEBCFDA009BE8E1 /* Constants.swift in Sources */ = {isa = PBXBuildFile; fileRef = A9A3A21D1BEBCFDA009BE8E1 /* Constants.swift */; };
		A9DB69211BE93261005E6ADD /* AppDelegate.swift in Sources */ = {isa = PBXBuildFile; fileRef = A9DB69201BE93261005E6ADD /* AppDelegate.swift */; };
		A9DB69231BE93261005E6ADD /* ViewController.swift in Sources */ = {isa = PBXBuildFile; fileRef = A9DB69221BE93261005E6ADD /* ViewController.swift */; };
		A9DB69261BE93261005E6ADD /* Main.storyboard in Resources */ = {isa = PBXBuildFile; fileRef = A9DB69241BE93261005E6ADD /* Main.storyboard */; };
		A9DB69281BE93261005E6ADD /* Assets.xcassets in Resources */ = {isa = PBXBuildFile; fileRef = A9DB69271BE93261005E6ADD /* Assets.xcassets */; };
		A9DB69571BE96E2E005E6ADD /* GCDBlackBox.swift in Sources */ = {isa = PBXBuildFile; fileRef = A9DB69561BE96E2E005E6ADD /* GCDBlackBox.swift */; };
		A9FA134D1D1AB71300B5F46E /* LaunchScreen.xib in Resources */ = {isa = PBXBuildFile; fileRef = A9FA134B1D1AB71300B5F46E /* LaunchScreen.xib */; };
/* End PBXBuildFile section */

/* Begin PBXFileReference section */
		A9A3A21D1BEBCFDA009BE8E1 /* Constants.swift */ = {isa = PBXFileReference; fileEncoding = 4; lastKnownFileType = sourcecode.swift; path = Constants.swift; sourceTree = "<group>"; };
		A9DB691D1BE93261005E6ADD /* SleepingInTheLibrary.app */ = {isa = PBXFileReference; explicitFileType = wrapper.application; includeInIndex = 0; path = SleepingInTheLibrary.app; sourceTree = BUILT_PRODUCTS_DIR; };
		A9DB69201BE93261005E6ADD /* AppDelegate.swift */ = {isa = PBXFileReference; lastKnownFileType = sourcecode.swift; path = AppDelegate.swift; sourceTree = "<group>"; };
		A9DB69221BE93261005E6ADD /* ViewController.swift */ = {isa = PBXFileReference; lastKnownFileType = sourcecode.swift; path = ViewController.swift; sourceTree = "<group>"; };
		A9DB69251BE93261005E6ADD /* Base */ = {isa = PBXFileReference; lastKnownFileType = file.storyboard; name = Base; path = Base.lproj/Main.storyboard; sourceTree = "<group>"; };
		A9DB69271BE93261005E6ADD /* Assets.xcassets */ = {isa = PBXFileReference; lastKnownFileType = folder.assetcatalog; path = Assets.xcassets; sourceTree = "<group>"; };
		A9DB692C1BE93261005E6ADD /* Info.plist */ = {isa = PBXFileReference; lastKnownFileType = text.plist.xml; path = Info.plist; sourceTree = "<group>"; };
		A9DB69561BE96E2E005E6ADD /* GCDBlackBox.swift */ = {isa = PBXFileReference; fileEncoding = 4; lastKnownFileType = sourcecode.swift; path = GCDBlackBox.swift; sourceTree = "<group>"; };
		A9FA134C1D1AB71300B5F46E /* Base */ = {isa = PBXFileReference; lastKnownFileType = file.xib; name = Base; path = Base.lproj/LaunchScreen.xib; sourceTree = "<group>"; };
/* End PBXFileReference section */

/* Begin PBXFrameworksBuildPhase section */
		A9DB691A1BE93261005E6ADD /* Frameworks */ = {
			isa = PBXFrameworksBuildPhase;
			buildActionMask = 2147483647;
			files = (
			);
			runOnlyForDeploymentPostprocessing = 0;
		};
/* End PBXFrameworksBuildPhase section */

/* Begin PBXGroup section */
		A9DB69141BE93261005E6ADD = {
			isa = PBXGroup;
			children = (
				A9DB691F1BE93261005E6ADD /* SleepingInTheLibrary */,
				A9DB691E1BE93261005E6ADD /* Products */,
			);
			sourceTree = "<group>";
		};
		A9DB691E1BE93261005E6ADD /* Products */ = {
			isa = PBXGroup;
			children = (
				A9DB691D1BE93261005E6ADD /* SleepingInTheLibrary.app */,
			);
			name = Products;
			sourceTree = "<group>";
		};
		A9DB691F1BE93261005E6ADD /* SleepingInTheLibrary */ = {
			isa = PBXGroup;
			children = (
				A9DB69201BE93261005E6ADD /* AppDelegate.swift */,
				A9DB69221BE93261005E6ADD /* ViewController.swift */,
				A9A3A21D1BEBCFDA009BE8E1 /* Constants.swift */,
				A9DB69561BE96E2E005E6ADD /* GCDBlackBox.swift */,
				A9DB69321BE93B41005E6ADD /* Assets */,
				A9DB69331BE93B53005E6ADD /* Supporting Files */,
			);
			path = SleepingInTheLibrary;
			sourceTree = "<group>";
		};
		A9DB69321BE93B41005E6ADD /* Assets */ = {
			isa = PBXGroup;
			children = (
				A9FA134B1D1AB71300B5F46E /* LaunchScreen.xib */,
				A9DB69271BE93261005E6ADD /* Assets.xcassets */,
				A9DB69241BE93261005E6ADD /* Main.storyboard */,
			);
			name = Assets;
			sourceTree = "<group>";
		};
		A9DB69331BE93B53005E6ADD /* Supporting Files */ = {
			isa = PBXGroup;
			children = (
				A9DB692C1BE93261005E6ADD /* Info.plist */,
			);
			name = "Supporting Files";
			sourceTree = "<group>";
		};
/* End PBXGroup section */

/* Begin PBXNativeTarget section */
		A9DB691C1BE93261005E6ADD /* SleepingInTheLibrary */ = {
			isa = PBXNativeTarget;
			buildConfigurationList = A9DB692F1BE93261005E6ADD /* Build configuration list for PBXNativeTarget "SleepingInTheLibrary" */;
			buildPhases = (
				A9DB69191BE93261005E6ADD /* Sources */,
				A9DB691A1BE93261005E6ADD /* Frameworks */,
				A9DB691B1BE93261005E6ADD /* Resources */,
			);
			buildRules = (
			);
			dependencies = (
			);
			name = SleepingInTheLibrary;
			productName = SleepingInTheLibrary;
			productReference = A9DB691D1BE93261005E6ADD /* SleepingInTheLibrary.app */;
			productType = "com.apple.product-type.application";
		};
/* End PBXNativeTarget section */

/* Begin PBXProject section */
		A9DB69151BE93261005E6ADD /* Project object */ = {
			isa = PBXProject;
			attributes = {
				LastSwiftUpdateCheck = 0710;
				LastUpgradeCheck = 0800;
				ORGANIZATIONNAME = Udacity;
				TargetAttributes = {
					A9DB691C1BE93261005E6ADD = {
						CreatedOnToolsVersion = 7.1;
						LastSwiftMigration = 0800;
					};
				};
			};
			buildConfigurationList = A9DB69181BE93261005E6ADD /* Build configuration list for PBXProject "SleepingInTheLibrary" */;
			compatibilityVersion = "Xcode 3.2";
			developmentRegion = English;
			hasScannedForEncodings = 0;
			knownRegions = (
				en,
				Base,
			);
			mainGroup = A9DB69141BE93261005E6ADD;
			productRefGroup = A9DB691E1BE93261005E6ADD /* Products */;
			projectDirPath = "";
			projectRoot = "";
			targets = (
				A9DB691C1BE93261005E6ADD /* SleepingInTheLibrary */,
			);
		};
/* End PBXProject section */

/* Begin PBXResourcesBuildPhase section */
		A9DB691B1BE93261005E6ADD /* Resources */ = {
			isa = PBXResourcesBuildPhase;
			buildActionMask = 2147483647;
			files = (
				A9DB69281BE93261005E6ADD /* Assets.xcassets in Resources */,
				A9FA134D1D1AB71300B5F46E /* LaunchScreen.xib in Resources */,
				A9DB69261BE93261005E6ADD /* Main.storyboard in Resources */,
			);
			runOnlyForDeploymentPostprocessing = 0;
		};
/* End PBXResourcesBuildPhase section */

/* Begin PBXSourcesBuildPhase section */
		A9DB69191BE93261005E6ADD /* Sources */ = {
			isa = PBXSourcesBuildPhase;
			buildActionMask = 2147483647;
			files = (
				A9DB69231BE93261005E6ADD /* ViewController.swift in Sources */,
				A9DB69571BE96E2E005E6ADD /* GCDBlackBox.swift in Sources */,
				A9DB69211BE93261005E6ADD /* AppDelegate.swift in Sources */,
				A9A3A21E1BEBCFDA009BE8E1 /* Constants.swift in Sources */,
			);
			runOnlyForDeploymentPostprocessing = 0;
		};
/* End PBXSourcesBuildPhase section */

/* Begin PBXVariantGroup section */
		A9DB69241BE93261005E6ADD /* Main.storyboard */ = {
			isa = PBXVariantGroup;
			children = (
				A9DB69251BE93261005E6ADD /* Base */,
			);
			name = Main.storyboard;
			sourceTree = "<group>";
		};
		A9FA134B1D1AB71300B5F46E /* LaunchScreen.xib */ = {
			isa = PBXVariantGroup;
			children = (
				A9FA134C1D1AB71300B5F46E /* Base */,
			);
			name = LaunchScreen.xib;
			sourceTree = "<group>";
		};
/* End PBXVariantGroup section */

/* Begin XCBuildConfiguration section */
		A9DB692D1BE93261005E6ADD /* Debug */ = {
			isa = XCBuildConfiguration;
			buildSettings = {
				ALWAYS_SEARCH_USER_PATHS = NO;
				CLANG_CXX_LANGUAGE_STANDARD = "gnu++0x";
				CLANG_CXX_LIBRARY = "libc++";
				CLANG_ENABLE_MODULES = YES;
				CLANG_ENABLE_OBJC_ARC = YES;
				CLANG_WARN_BOOL_CONVERSION = YES;
				CLANG_WARN_CONSTANT_CONVERSION = YES;
				CLANG_WARN_DIRECT_OBJC_ISA_USAGE = YES_ERROR;
				CLANG_WARN_EMPTY_BODY = YES;
				CLANG_WARN_ENUM_CONVERSION = YES;
				CLANG_WARN_INFINITE_RECURSION = YES;
				CLANG_WARN_INT_CONVERSION = YES;
				CLANG_WARN_OBJC_ROOT_CLASS = YES_ERROR;
				CLANG_WARN_SUSPICIOUS_MOVE = YES;
				CLANG_WARN_UNREACHABLE_CODE = YES;
				CLANG_WARN__DUPLICATE_METHOD_MATCH = YES;
				"CODE_SIGN_IDENTITY[sdk=iphoneos*]" = "iPhone Developer";
				COPY_PHASE_STRIP = NO;
				DEBUG_INFORMATION_FORMAT = dwarf;
				ENABLE_STRICT_OBJC_MSGSEND = YES;
				ENABLE_TESTABILITY = YES;
				GCC_C_LANGUAGE_STANDARD = gnu99;
				GCC_DYNAMIC_NO_PIC = NO;
				GCC_NO_COMMON_BLOCKS = YES;
				GCC_OPTIMIZATION_LEVEL = 0;
				GCC_PREPROCESSOR_DEFINITIONS = (
					"DEBUG=1",
					"$(inherited)",
				);
				GCC_WARN_64_TO_32_BIT_CONVERSION = YES;
				GCC_WARN_ABOUT_RETURN_TYPE = YES_ERROR;
				GCC_WARN_UNDECLARED_SELECTOR = YES;
				GCC_WARN_UNINITIALIZED_AUTOS = YES_AGGRESSIVE;
				GCC_WARN_UNUSED_FUNCTION = YES;
				GCC_WARN_UNUSED_VARIABLE = YES;
				IPHONEOS_DEPLOYMENT_TARGET = 9.1;
				MTL_ENABLE_DEBUG_INFO = YES;
				ONLY_ACTIVE_ARCH = YES;
				SDKROOT = iphoneos;
				SWIFT_OPTIMIZATION_LEVEL = "-Onone";
				TARGETED_DEVICE_FAMILY = "1,2";
			};
			name = Debug;
		};
		A9DB692E1BE93261005E6ADD /* Release */ = {
			isa = XCBuildConfiguration;
			buildSettings = {
				ALWAYS_SEARCH_USER_PATHS = NO;
				CLANG_CXX_LANGUAGE_STANDARD = "gnu++0x";
				CLANG_CXX_LIBRARY = "libc++";
				CLANG_ENABLE_MODULES = YES;
				CLANG_ENABLE_OBJC_ARC = YES;
				CLANG_WARN_BOOL_CONVERSION = YES;
				CLANG_WARN_CONSTANT_CONVERSION = YES;
				CLANG_WARN_DIRECT_OBJC_ISA_USAGE = YES_ERROR;
				CLANG_WARN_EMPTY_BODY = YES;
				CLANG_WARN_ENUM_CONVERSION = YES;
				CLANG_WARN_INFINITE_RECURSION = YES;
				CLANG_WARN_INT_CONVERSION = YES;
				CLANG_WARN_OBJC_ROOT_CLASS = YES_ERROR;
				CLANG_WARN_SUSPICIOUS_MOVE = YES;
				CLANG_WARN_UNREACHABLE_CODE = YES;
				CLANG_WARN__DUPLICATE_METHOD_MATCH = YES;
				"CODE_SIGN_IDENTITY[sdk=iphoneos*]" = "iPhone Developer";
				COPY_PHASE_STRIP = NO;
				DEBUG_INFORMATION_FORMAT = "dwarf-with-dsym";
				ENABLE_NS_ASSERTIONS = NO;
				ENABLE_STRICT_OBJC_MSGSEND = YES;
				GCC_C_LANGUAGE_STANDARD = gnu99;
				GCC_NO_COMMON_BLOCKS = YES;
				GCC_WARN_64_TO_32_BIT_CONVERSION = YES;
				GCC_WARN_ABOUT_RETURN_TYPE = YES_ERROR;
				GCC_WARN_UNDECLARED_SELECTOR = YES;
				GCC_WARN_UNINITIALIZED_AUTOS = YES_AGGRESSIVE;
				GCC_WARN_UNUSED_FUNCTION = YES;
				GCC_WARN_UNUSED_VARIABLE = YES;
				IPHONEOS_DEPLOYMENT_TARGET = 9.1;
				MTL_ENABLE_DEBUG_INFO = NO;
				SDKROOT = iphoneos;
				TARGETED_DEVICE_FAMILY = "1,2";
				VALIDATE_PRODUCT = YES;
			};
			name = Release;
		};
		A9DB69301BE93261005E6ADD /* Debug */ = {
			isa = XCBuildConfiguration;
			buildSettings = {
				ASSETCATALOG_COMPILER_APPICON_NAME = AppIcon;
				INFOPLIST_FILE = SleepingInTheLibrary/Info.plist;
				LD_RUNPATH_SEARCH_PATHS = "$(inherited) @executable_path/Frameworks";
				PRODUCT_BUNDLE_IDENTIFIER = com.Udacity.SleepingInTheLibrary;
				PRODUCT_NAME = "$(TARGET_NAME)";
				SWIFT_VERSION = 3.0;
			};
			name = Debug;
		};
		A9DB69311BE93261005E6ADD /* Release */ = {
			isa = XCBuildConfiguration;
			buildSettings = {
				ASSETCATALOG_COMPILER_APPICON_NAME = AppIcon;
				INFOPLIST_FILE = SleepingInTheLibrary/Info.plist;
				LD_RUNPATH_SEARCH_PATHS = "$(inherited) @executable_path/Frameworks";
				PRODUCT_BUNDLE_IDENTIFIER = com.Udacity.SleepingInTheLibrary;
				PRODUCT_NAME = "$(TARGET_NAME)";
				SWIFT_OPTIMIZATION_LEVEL = "-Owholemodule";
				SWIFT_VERSION = 3.0;
			};
			name = Release;
		};
/* End XCBuildConfiguration section */

/* Begin XCConfigurationList section */
		A9DB69181BE93261005E6ADD /* Build configuration list for PBXProject "SleepingInTheLibrary" */ = {
			isa = XCConfigurationList;
			buildConfigurations = (
				A9DB692D1BE93261005E6ADD /* Debug */,
				A9DB692E1BE93261005E6ADD /* Release */,
			);
			defaultConfigurationIsVisible = 0;
			defaultConfigurationName = Release;
		};
		A9DB692F1BE93261005E6ADD /* Build configuration list for PBXNativeTarget "SleepingInTheLibrary" */ = {
			isa = XCConfigurationList;
			buildConfigurations = (
				A9DB69301BE93261005E6ADD /* Debug */,
				A9DB69311BE93261005E6ADD /* Release */,
			);
			defaultConfigurationIsVisible = 0;
			defaultConfigurationName = Release;
		};
/* End XCConfigurationList section */
	};
	rootObject = A9DB69151BE93261005E6ADD /* Project object */;
}
