// !$*UTF8*$!
{
	archiveVersion = 1;
	classes = {
	};
	objectVersion = 46;
	objects = {

/* Begin PBXBuildFile section */
		A9A3A2221BEBD094009BE8E1 /* Constants.swift in Sources */ = {isa = PBXBuildFile; fileRef = A9A3A2211BEBD094009BE8E1 /* Constants.swift */; };
		A9DB69411BE963C9005E6ADD /* AppDelegate.swift in Sources */ = {isa = PBXBuildFile; fileRef = A9DB69401BE963C9005E6ADD /* AppDelegate.swift */; };
		A9DB69431BE963C9005E6ADD /* ViewController.swift in Sources */ = {isa = PBXBuildFile; fileRef = A9DB69421BE963C9005E6ADD /* ViewController.swift */; };
		A9DB69461BE963C9005E6ADD /* Main.storyboard in Resources */ = {isa = PBXBuildFile; fileRef = A9DB69441BE963C9005E6ADD /* Main.storyboard */; };
		A9DB69481BE963C9005E6ADD /* Assets.xcassets in Resources */ = {isa = PBXBuildFile; fileRef = A9DB69471BE963C9005E6ADD /* Assets.xcassets */; };
		A9DB694B1BE963C9005E6ADD /* LaunchScreen.storyboard in Resources */ = {isa = PBXBuildFile; fileRef = A9DB69491BE963C9005E6ADD /* LaunchScreen.storyboard */; };
		A9DB69551BE9696F005E6ADD /* GCDBlackBox.swift in Sources */ = {isa = PBXBuildFile; fileRef = A9DB69541BE9696F005E6ADD /* GCDBlackBox.swift */; };
/* End PBXBuildFile section */

/* Begin PBXFileReference section */
		A9A3A2211BEBD094009BE8E1 /* Constants.swift */ = {isa = PBXFileReference; fileEncoding = 4; lastKnownFileType = sourcecode.swift; path = Constants.swift; sourceTree = "<group>"; };
		A9DB693D1BE963C9005E6ADD /* ImageRequest.app */ = {isa = PBXFileReference; explicitFileType = wrapper.application; includeInIndex = 0; path = ImageRequest.app; sourceTree = BUILT_PRODUCTS_DIR; };
		A9DB69401BE963C9005E6ADD /* AppDelegate.swift */ = {isa = PBXFileReference; lastKnownFileType = sourcecode.swift; path = AppDelegate.swift; sourceTree = "<group>"; };
		A9DB69421BE963C9005E6ADD /* ViewController.swift */ = {isa = PBXFileReference; lastKnownFileType = sourcecode.swift; path = ViewController.swift; sourceTree = "<group>"; };
		A9DB69451BE963C9005E6ADD /* Base */ = {isa = PBXFileReference; lastKnownFileType = file.storyboard; name = Base; path = Base.lproj/Main.storyboard; sourceTree = "<group>"; };
		A9DB69471BE963C9005E6ADD /* Assets.xcassets */ = {isa = PBXFileReference; lastKnownFileType = folder.assetcatalog; path = Assets.xcassets; sourceTree = "<group>"; };
		A9DB694A1BE963C9005E6ADD /* Base */ = {isa = PBXFileReference; lastKnownFileType = file.storyboard; name = Base; path = Base.lproj/LaunchScreen.storyboard; sourceTree = "<group>"; };
		A9DB694C1BE963C9005E6ADD /* Info.plist */ = {isa = PBXFileReference; lastKnownFileType = text.plist.xml; path = Info.plist; sourceTree = "<group>"; };
		A9DB69541BE9696F005E6ADD /* GCDBlackBox.swift */ = {isa = PBXFileReference; fileEncoding = 4; lastKnownFileType = sourcecode.swift; path = GCDBlackBox.swift; sourceTree = "<group>"; };
/* End PBXFileReference section */

/* Begin PBXFrameworksBuildPhase section */
		A9DB693A1BE963C9005E6ADD /* Frameworks */ = {
			isa = PBXFrameworksBuildPhase;
			buildActionMask = 2147483647;
			files = (
			);
			runOnlyForDeploymentPostprocessing = 0;
		};
/* End PBXFrameworksBuildPhase section */

/* Begin PBXGroup section */
		A9DB69341BE963C9005E6ADD = {
			isa = PBXGroup;
			children = (
				A9DB693F1BE963C9005E6ADD /* ImageRequest */,
				A9DB693E1BE963C9005E6ADD /* Products */,
			);
			sourceTree = "<group>";
		};
		A9DB693E1BE963C9005E6ADD /* Products */ = {
			isa = PBXGroup;
			children = (
				A9DB693D1BE963C9005E6ADD /* ImageRequest.app */,
			);
			name = Products;
			sourceTree = "<group>";
		};
		A9DB693F1BE963C9005E6ADD /* ImageRequest */ = {
			isa = PBXGroup;
			children = (
				A9DB69401BE963C9005E6ADD /* AppDelegate.swift */,
				A9DB69421BE963C9005E6ADD /* ViewController.swift */,
				A9A3A2211BEBD094009BE8E1 /* Constants.swift */,
				A9DB69541BE9696F005E6ADD /* GCDBlackBox.swift */,
				A9DB69521BE968EA005E6ADD /* Assets */,
				A9DB69531BE968F4005E6ADD /* Supporting Files */,
			);
			path = ImageRequest;
			sourceTree = "<group>";
		};
		A9DB69521BE968EA005E6ADD /* Assets */ = {
			isa = PBXGroup;
			children = (
				A9DB69471BE963C9005E6ADD /* Assets.xcassets */,
				A9DB69441BE963C9005E6ADD /* Main.storyboard */,
				A9DB69491BE963C9005E6ADD /* LaunchScreen.storyboard */,
			);
			name = Assets;
			sourceTree = "<group>";
		};
		A9DB69531BE968F4005E6ADD /* Supporting Files */ = {
			isa = PBXGroup;
			children = (
				A9DB694C1BE963C9005E6ADD /* Info.plist */,
			);
			name = "Supporting Files";
			sourceTree = "<group>";
		};
/* End PBXGroup section */

/* Begin PBXNativeTarget section */
		A9DB693C1BE963C9005E6ADD /* ImageRequest */ = {
			isa = PBXNativeTarget;
			buildConfigurationList = A9DB694F1BE963C9005E6ADD /* Build configuration list for PBXNativeTarget "ImageRequest" */;
			buildPhases = (
				A9DB69391BE963C9005E6ADD /* Sources */,
				A9DB693A1BE963C9005E6ADD /* Frameworks */,
				A9DB693B1BE963C9005E6ADD /* Resources */,
			);
			buildRules = (
			);
			dependencies = (
			);
			name = ImageRequest;
			productName = ImageRequest;
			productReference = A9DB693D1BE963C9005E6ADD /* ImageRequest.app */;
			productType = "com.apple.product-type.application";
		};
/* End PBXNativeTarget section */

/* Begin PBXProject section */
		A9DB69351BE963C9005E6ADD /* Project object */ = {
			isa = PBXProject;
			attributes = {
				LastSwiftUpdateCheck = 0710;
				LastUpgradeCheck = 0710;
				ORGANIZATIONNAME = Udacity;
				TargetAttributes = {
					A9DB693C1BE963C9005E6ADD = {
						CreatedOnToolsVersion = 7.1;
					};
				};
			};
			buildConfigurationList = A9DB69381BE963C9005E6ADD /* Build configuration list for PBXProject "ImageRequest" */;
			compatibilityVersion = "Xcode 3.2";
			developmentRegion = English;
			hasScannedForEncodings = 0;
			knownRegions = (
				en,
				Base,
			);
			mainGroup = A9DB69341BE963C9005E6ADD;
			productRefGroup = A9DB693E1BE963C9005E6ADD /* Products */;
			projectDirPath = "";
			projectRoot = "";
			targets = (
				A9DB693C1BE963C9005E6ADD /* ImageRequest */,
			);
		};
/* End PBXProject section */

/* Begin PBXResourcesBuildPhase section */
		A9DB693B1BE963C9005E6ADD /* Resources */ = {
			isa = PBXResourcesBuildPhase;
			buildActionMask = 2147483647;
			files = (
				A9DB694B1BE963C9005E6ADD /* LaunchScreen.storyboard in Resources */,
				A9DB69481BE963C9005E6ADD /* Assets.xcassets in Resources */,
				A9DB69461BE963C9005E6ADD /* Main.storyboard in Resources */,
			);
			runOnlyForDeploymentPostprocessing = 0;
		};
/* End PBXResourcesBuildPhase section */

/* Begin PBXSourcesBuildPhase section */
		A9DB69391BE963C9005E6ADD /* Sources */ = {
			isa = PBXSourcesBuildPhase;
			buildActionMask = 2147483647;
			files = (
				A9DB69431BE963C9005E6ADD /* ViewController.swift in Sources */,
				A9DB69411BE963C9005E6ADD /* AppDelegate.swift in Sources */,
				A9DB69551BE9696F005E6ADD /* GCDBlackBox.swift in Sources */,
				A9A3A2221BEBD094009BE8E1 /* Constants.swift in Sources */,
			);
			runOnlyForDeploymentPostprocessing = 0;
		};
/* End PBXSourcesBuildPhase section */

/* Begin PBXVariantGroup section */
		A9DB69441BE963C9005E6ADD /* Main.storyboard */ = {
			isa = PBXVariantGroup;
			children = (
				A9DB69451BE963C9005E6ADD /* Base */,
			);
			name = Main.storyboard;
			sourceTree = "<group>";
		};
		A9DB69491BE963C9005E6ADD /* LaunchScreen.storyboard */ = {
			isa = PBXVariantGroup;
			children = (
				A9DB694A1BE963C9005E6ADD /* Base */,
			);
			name = LaunchScreen.storyboard;
			sourceTree = "<group>";
		};
/* End PBXVariantGroup section */

/* Begin XCBuildConfiguration section */
		A9DB694D1BE963C9005E6ADD /* Debug */ = {
			isa = XCBuildConfiguration;
			buildSettings = {
				ALWAYS_SEARCH_USER_PATHS = NO;
				CLANG_CXX_LANGUAGE_STANDARD = "gnu++0x";
				CLANG_CXX_LIBRARY = "libc++";
				CLANG_ENABLE_MODULES = YES;
				CLANG_ENABLE_OBJC_ARC = YES;
				CLANG_WARN_BOOL_CONVERSION = YES;
				CLANG_WARN_CONSTANT_CONVERSION = YES;
				CLANG_WARN_DIRECT_OBJC_ISA_USAGE = YES_ERROR;
				CLANG_WARN_EMPTY_BODY = YES;
				CLANG_WARN_ENUM_CONVERSION = YES;
				CLANG_WARN_INT_CONVERSION = YES;
				CLANG_WARN_OBJC_ROOT_CLASS = YES_ERROR;
				CLANG_WARN_UNREACHABLE_CODE = YES;
				CLANG_WARN__DUPLICATE_METHOD_MATCH = YES;
				"CODE_SIGN_IDENTITY[sdk=iphoneos*]" = "iPhone Developer";
				COPY_PHASE_STRIP = NO;
				DEBUG_INFORMATION_FORMAT = dwarf;
				ENABLE_STRICT_OBJC_MSGSEND = YES;
				ENABLE_TESTABILITY = YES;
				GCC_C_LANGUAGE_STANDARD = gnu99;
				GCC_DYNAMIC_NO_PIC = NO;
				GCC_NO_COMMON_BLOCKS = YES;
				GCC_OPTIMIZATION_LEVEL = 0;
				GCC_PREPROCESSOR_DEFINITIONS = (
					"DEBUG=1",
					"$(inherited)",
				);
				GCC_WARN_64_TO_32_BIT_CONVERSION = YES;
				GCC_WARN_ABOUT_RETURN_TYPE = YES_ERROR;
				GCC_WARN_UNDECLARED_SELECTOR = YES;
				GCC_WARN_UNINITIALIZED_AUTOS = YES_AGGRESSIVE;
				GCC_WARN_UNUSED_FUNCTION = YES;
				GCC_WARN_UNUSED_VARIABLE = YES;
				IPHONEOS_DEPLOYMENT_TARGET = 9.1;
				MTL_ENABLE_DEBUG_INFO = YES;
				ONLY_ACTIVE_ARCH = YES;
				SDKROOT = iphoneos;
				SWIFT_OPTIMIZATION_LEVEL = "-Onone";
				TARGETED_DEVICE_FAMILY = "1,2";
			};
			name = Debug;
		};
		A9DB694E1BE963C9005E6ADD /* Release */ = {
			isa = XCBuildConfiguration;
			buildSettings = {
				ALWAYS_SEARCH_USER_PATHS = NO;
				CLANG_CXX_LANGUAGE_STANDARD = "gnu++0x";
				CLANG_CXX_LIBRARY = "libc++";
				CLANG_ENABLE_MODULES = YES;
				CLANG_ENABLE_OBJC_ARC = YES;
				CLANG_WARN_BOOL_CONVERSION = YES;
				CLANG_WARN_CONSTANT_CONVERSION = YES;
				CLANG_WARN_DIRECT_OBJC_ISA_USAGE = YES_ERROR;
				CLANG_WARN_EMPTY_BODY = YES;
				CLANG_WARN_ENUM_CONVERSION = YES;
				CLANG_WARN_INT_CONVERSION = YES;
				CLANG_WARN_OBJC_ROOT_CLASS = YES_ERROR;
				CLANG_WARN_UNREACHABLE_CODE = YES;
				CLANG_WARN__DUPLICATE_METHOD_MATCH = YES;
				"CODE_SIGN_IDENTITY[sdk=iphoneos*]" = "iPhone Developer";
				COPY_PHASE_STRIP = NO;
				DEBUG_INFORMATION_FORMAT = "dwarf-with-dsym";
				ENABLE_NS_ASSERTIONS = NO;
				ENABLE_STRICT_OBJC_MSGSEND = YES;
				GCC_C_LANGUAGE_STANDARD = gnu99;
				GCC_NO_COMMON_BLOCKS = YES;
				GCC_WARN_64_TO_32_BIT_CONVERSION = YES;
				GCC_WARN_ABOUT_RETURN_TYPE = YES_ERROR;
				GCC_WARN_UNDECLARED_SELECTOR = YES;
				GCC_WARN_UNINITIALIZED_AUTOS = YES_AGGRESSIVE;
				GCC_WARN_UNUSED_FUNCTION = YES;
				GCC_WARN_UNUSED_VARIABLE = YES;
				IPHONEOS_DEPLOYMENT_TARGET = 9.1;
				MTL_ENABLE_DEBUG_INFO = NO;
				SDKROOT = iphoneos;
				TARGETED_DEVICE_FAMILY = "1,2";
				VALIDATE_PRODUCT = YES;
			};
			name = Release;
		};
		A9DB69501BE963C9005E6ADD /* Debug */ = {
			isa = XCBuildConfiguration;
			buildSettings = {
				ASSETCATALOG_COMPILER_APPICON_NAME = AppIcon;
				INFOPLIST_FILE = ImageRequest/Info.plist;
				LD_RUNPATH_SEARCH_PATHS = "$(inherited) @executable_path/Frameworks";
				PRODUCT_BUNDLE_IDENTIFIER = com.Udacity.ImageRequest;
				PRODUCT_NAME = "$(TARGET_NAME)";
			};
			name = Debug;
		};
		A9DB69511BE963C9005E6ADD /* Release */ = {
			isa = XCBuildConfiguration;
			buildSettings = {
				ASSETCATALOG_COMPILER_APPICON_NAME = AppIcon;
				INFOPLIST_FILE = ImageRequest/Info.plist;
				LD_RUNPATH_SEARCH_PATHS = "$(inherited) @executable_path/Frameworks";
				PRODUCT_BUNDLE_IDENTIFIER = com.Udacity.ImageRequest;
				PRODUCT_NAME = "$(TARGET_NAME)";
			};
			name = Release;
		};
/* End XCBuildConfiguration section */

/* Begin XCConfigurationList section */
		A9DB69381BE963C9005E6ADD /* Build configuration list for PBXProject "ImageRequest" */ = {
			isa = XCConfigurationList;
			buildConfigurations = (
				A9DB694D1BE963C9005E6ADD /* Debug */,
				A9DB694E1BE963C9005E6ADD /* Release */,
			);
			defaultConfigurationIsVisible = 0;
			defaultConfigurationName = Release;
		};
		A9DB694F1BE963C9005E6ADD /* Build configuration list for PBXNativeTarget "ImageRequest" */ = {
			isa = XCConfigurationList;
			buildConfigurations = (
				A9DB69501BE963C9005E6ADD /* Debug */,
				A9DB69511BE963C9005E6ADD /* Release */,
			);
			defaultConfigurationIsVisible = 0;
			defaultConfigurationName = Release;
		};
/* End XCConfigurationList section */
	};
	rootObject = A9DB69351BE963C9005E6ADD /* Project object */;
}
