// !$*UTF8*$!
{
	archiveVersion = 1;
	classes = {
	};
	objectVersion = 46;
	objects = {

/* Begin PBXBuildFile section */
		A94286C31F83F10D0080CF17 /* Photo.swift in Sources */ = {isa = PBXBuildFile; fileRef = A94286C21F83F10D0080CF17 /* Photo.swift */; };
		A94286C51F83F1360080CF17 /* PhotoResponse.swift in Sources */ = {isa = PBXBuildFile; fileRef = A94286C41F83F1360080CF17 /* PhotoResponse.swift */; };
		A94286C71F83F55C0080CF17 /* PhotoList.swift in Sources */ = {isa = PBXBuildFile; fileRef = A94286C61F83F55C0080CF17 /* PhotoList.swift */; };
		A95513971F866BCD0041C52B /* BaseOperation.swift in Sources */ = {isa = PBXBuildFile; fileRef = A95513931F866BCD0041C52B /* BaseOperation.swift */; };
		A95513981F866BCD0041C52B /* FetchOperation.swift in Sources */ = {isa = PBXBuildFile; fileRef = A95513941F866BCD0041C52B /* FetchOperation.swift */; };
		A955139A1F866BCD0041C52B /* OperationState.swift in Sources */ = {isa = PBXBuildFile; fileRef = A95513961F866BCD0041C52B /* OperationState.swift */; };
		A955139B1F866F640041C52B /* ParseOperation.swift in Sources */ = {isa = PBXBuildFile; fileRef = A95513951F866BCD0041C52B /* ParseOperation.swift */; };
		A955139E1F86B6CA0041C52B /* Double+InRange.swift in Sources */ = {isa = PBXBuildFile; fileRef = A955139D1F86B6CA0041C52B /* Double+InRange.swift */; };
		A957A2311F841860006C95CD /* SearchDataSource.swift in Sources */ = {isa = PBXBuildFile; fileRef = A957A2301F841860006C95CD /* SearchDataSource.swift */; };
		A957A2341F8418D6006C95CD /* Flickr.swift in Sources */ = {isa = PBXBuildFile; fileRef = A957A2331F8418D6006C95CD /* Flickr.swift */; };
		A9A2D4471FADEA36007DC569 /* Secrets.plist in Resources */ = {isa = PBXBuildFile; fileRef = A9A2D4461FADEA36007DC569 /* Secrets.plist */; };
		A9A2D4491FADEA61007DC569 /* Secrets.swift in Sources */ = {isa = PBXBuildFile; fileRef = A9A2D4481FADEA61007DC569 /* Secrets.swift */; };
		A9A3A2081BEBB443009BE8E1 /* AppDelegate.swift in Sources */ = {isa = PBXBuildFile; fileRef = A9A3A2071BEBB443009BE8E1 /* AppDelegate.swift */; };
		A9A3A20A1BEBB443009BE8E1 /* SearchViewController.swift in Sources */ = {isa = PBXBuildFile; fileRef = A9A3A2091BEBB443009BE8E1 /* SearchViewController.swift */; };
		A9A3A20D1BEBB443009BE8E1 /* Main.storyboard in Resources */ = {isa = PBXBuildFile; fileRef = A9A3A20B1BEBB443009BE8E1 /* Main.storyboard */; };
		A9A3A20F1BEBB443009BE8E1 /* Assets.xcassets in Resources */ = {isa = PBXBuildFile; fileRef = A9A3A20E1BEBB443009BE8E1 /* Assets.xcassets */; };
		A9FA133E1D1AB67C00B5F46E /* LaunchScreen.xib in Resources */ = {isa = PBXBuildFile; fileRef = A9FA133C1D1AB67C00B5F46E /* LaunchScreen.xib */; };
		A9FF3D821F9166CA006FC420 /* UIViewController+Alert.swift in Sources */ = {isa = PBXBuildFile; fileRef = A9FF3D811F9166CA006FC420 /* UIViewController+Alert.swift */; };
		A9FF3D841F9168B6006FC420 /* FlickrRequest.swift in Sources */ = {isa = PBXBuildFile; fileRef = A9FF3D831F9168B6006FC420 /* FlickrRequest.swift */; };
		A9FF3D861F917CD3006FC420 /* ParseImageOperation.swift in Sources */ = {isa = PBXBuildFile; fileRef = A9FF3D851F917CD3006FC420 /* ParseImageOperation.swift */; };
		A9FF3D881F917D89006FC420 /* FlickrError.swift in Sources */ = {isa = PBXBuildFile; fileRef = A9FF3D871F917D89006FC420 /* FlickrError.swift */; };
		A9FF3D8A1F91A59B006FC420 /* Status.swift in Sources */ = {isa = PBXBuildFile; fileRef = A9FF3D891F91A59B006FC420 /* Status.swift */; };
		A9FF3D8C1F91A610006FC420 /* FlickrParseOperation.swift in Sources */ = {isa = PBXBuildFile; fileRef = A9FF3D8B1F91A610006FC420 /* FlickrParseOperation.swift */; };
/* End PBXBuildFile section */

/* Begin PBXFileReference section */
		A94286C21F83F10D0080CF17 /* Photo.swift */ = {isa = PBXFileReference; lastKnownFileType = sourcecode.swift; path = Photo.swift; sourceTree = "<group>"; };
		A94286C41F83F1360080CF17 /* PhotoResponse.swift */ = {isa = PBXFileReference; lastKnownFileType = sourcecode.swift; path = PhotoResponse.swift; sourceTree = "<group>"; };
		A94286C61F83F55C0080CF17 /* PhotoList.swift */ = {isa = PBXFileReference; lastKnownFileType = sourcecode.swift; path = PhotoList.swift; sourceTree = "<group>"; };
		A95513931F866BCD0041C52B /* BaseOperation.swift */ = {isa = PBXFileReference; fileEncoding = 4; lastKnownFileType = sourcecode.swift; path = BaseOperation.swift; sourceTree = "<group>"; };
		A95513941F866BCD0041C52B /* FetchOperation.swift */ = {isa = PBXFileReference; fileEncoding = 4; lastKnownFileType = sourcecode.swift; path = FetchOperation.swift; sourceTree = "<group>"; };
		A95513951F866BCD0041C52B /* ParseOperation.swift */ = {isa = PBXFileReference; fileEncoding = 4; lastKnownFileType = sourcecode.swift; path = ParseOperation.swift; sourceTree = "<group>"; };
		A95513961F866BCD0041C52B /* OperationState.swift */ = {isa = PBXFileReference; fileEncoding = 4; lastKnownFileType = sourcecode.swift; path = OperationState.swift; sourceTree = "<group>"; };
		A955139D1F86B6CA0041C52B /* Double+InRange.swift */ = {isa = PBXFileReference; lastKnownFileType = sourcecode.swift; path = "Double+InRange.swift"; sourceTree = "<group>"; };
		A957A2301F841860006C95CD /* SearchDataSource.swift */ = {isa = PBXFileReference; lastKnownFileType = sourcecode.swift; path = SearchDataSource.swift; sourceTree = "<group>"; };
		A957A2331F8418D6006C95CD /* Flickr.swift */ = {isa = PBXFileReference; lastKnownFileType = sourcecode.swift; path = Flickr.swift; sourceTree = "<group>"; };
		A9A2D4461FADEA36007DC569 /* Secrets.plist */ = {isa = PBXFileReference; lastKnownFileType = text.plist.xml; path = Secrets.plist; sourceTree = "<group>"; };
		A9A2D4481FADEA61007DC569 /* Secrets.swift */ = {isa = PBXFileReference; lastKnownFileType = sourcecode.swift; path = Secrets.swift; sourceTree = "<group>"; };
		A9A3A2041BEBB443009BE8E1 /* FlickFinder.app */ = {isa = PBXFileReference; explicitFileType = wrapper.application; includeInIndex = 0; path = FlickFinder.app; sourceTree = BUILT_PRODUCTS_DIR; };
		A9A3A2071BEBB443009BE8E1 /* AppDelegate.swift */ = {isa = PBXFileReference; lastKnownFileType = sourcecode.swift; path = AppDelegate.swift; sourceTree = "<group>"; };
		A9A3A2091BEBB443009BE8E1 /* SearchViewController.swift */ = {isa = PBXFileReference; lastKnownFileType = sourcecode.swift; path = SearchViewController.swift; sourceTree = "<group>"; };
		A9A3A20C1BEBB443009BE8E1 /* Base */ = {isa = PBXFileReference; lastKnownFileType = file.storyboard; name = Base; path = Base.lproj/Main.storyboard; sourceTree = "<group>"; };
		A9A3A20E1BEBB443009BE8E1 /* Assets.xcassets */ = {isa = PBXFileReference; lastKnownFileType = folder.assetcatalog; path = Assets.xcassets; sourceTree = "<group>"; };
		A9A3A2131BEBB443009BE8E1 /* Info.plist */ = {isa = PBXFileReference; lastKnownFileType = text.plist.xml; path = Info.plist; sourceTree = "<group>"; };
		A9FA133D1D1AB67C00B5F46E /* Base */ = {isa = PBXFileReference; lastKnownFileType = file.xib; name = Base; path = Base.lproj/LaunchScreen.xib; sourceTree = "<group>"; };
		A9FF3D811F9166CA006FC420 /* UIViewController+Alert.swift */ = {isa = PBXFileReference; fileEncoding = 4; lastKnownFileType = sourcecode.swift; path = "UIViewController+Alert.swift"; sourceTree = "<group>"; };
		A9FF3D831F9168B6006FC420 /* FlickrRequest.swift */ = {isa = PBXFileReference; lastKnownFileType = sourcecode.swift; path = FlickrRequest.swift; sourceTree = "<group>"; };
		A9FF3D851F917CD3006FC420 /* ParseImageOperation.swift */ = {isa = PBXFileReference; fileEncoding = 4; lastKnownFileType = sourcecode.swift; path = ParseImageOperation.swift; sourceTree = "<group>"; };
		A9FF3D871F917D89006FC420 /* FlickrError.swift */ = {isa = PBXFileReference; lastKnownFileType = sourcecode.swift; path = FlickrError.swift; sourceTree = "<group>"; };
		A9FF3D891F91A59B006FC420 /* Status.swift */ = {isa = PBXFileReference; lastKnownFileType = sourcecode.swift; path = Status.swift; sourceTree = "<group>"; };
		A9FF3D8B1F91A610006FC420 /* FlickrParseOperation.swift */ = {isa = PBXFileReference; lastKnownFileType = sourcecode.swift; path = FlickrParseOperation.swift; sourceTree = "<group>"; };
/* End PBXFileReference section */

/* Begin PBXFrameworksBuildPhase section */
		A9A3A2011BEBB443009BE8E1 /* Frameworks */ = {
			isa = PBXFrameworksBuildPhase;
			buildActionMask = 2147483647;
			files = (
			);
			runOnlyForDeploymentPostprocessing = 0;
		};
/* End PBXFrameworksBuildPhase section */

/* Begin PBXGroup section */
		A94286BC1F83EF9E0080CF17 /* Models */ = {
			isa = PBXGroup;
			children = (
				A94286C21F83F10D0080CF17 /* Photo.swift */,
				A94286C61F83F55C0080CF17 /* PhotoList.swift */,
				A94286C41F83F1360080CF17 /* PhotoResponse.swift */,
				A9A2D4481FADEA61007DC569 /* Secrets.swift */,
				A9FF3D891F91A59B006FC420 /* Status.swift */,
				A957A2321F8418CC006C95CD /* API */,
				A94286C01F83F0180080CF17 /* Operations */,
				A94286C11F83F02A0080CF17 /* DataSources */,
			);
			name = Models;
			sourceTree = "<group>";
		};
		A94286BD1F83EFA60080CF17 /* Views */ = {
			isa = PBXGroup;
			children = (
			);
			name = Views;
			sourceTree = "<group>";
		};
		A94286BE1F83EFAD0080CF17 /* Controllers */ = {
			isa = PBXGroup;
			children = (
				A9A3A2091BEBB443009BE8E1 /* SearchViewController.swift */,
			);
			name = Controllers;
			sourceTree = "<group>";
		};
		A94286C01F83F0180080CF17 /* Operations */ = {
			isa = PBXGroup;
			children = (
				A95513961F866BCD0041C52B /* OperationState.swift */,
				A95513931F866BCD0041C52B /* BaseOperation.swift */,
				A95513941F866BCD0041C52B /* FetchOperation.swift */,
				A95513951F866BCD0041C52B /* ParseOperation.swift */,
				A9FF3D851F917CD3006FC420 /* ParseImageOperation.swift */,
				A9FF3D8B1F91A610006FC420 /* FlickrParseOperation.swift */,
			);
			name = Operations;
			sourceTree = "<group>";
		};
		A94286C11F83F02A0080CF17 /* DataSources */ = {
			isa = PBXGroup;
			children = (
				A957A2301F841860006C95CD /* SearchDataSource.swift */,
			);
			name = DataSources;
			sourceTree = "<group>";
		};
		A955139C1F86B6BC0041C52B /* Extensions */ = {
			isa = PBXGroup;
			children = (
				A955139D1F86B6CA0041C52B /* Double+InRange.swift */,
				A9FF3D811F9166CA006FC420 /* UIViewController+Alert.swift */,
			);
			name = Extensions;
			sourceTree = "<group>";
		};
		A957A2321F8418CC006C95CD /* API */ = {
			isa = PBXGroup;
			children = (
				A957A2331F8418D6006C95CD /* Flickr.swift */,
				A9FF3D871F917D89006FC420 /* FlickrError.swift */,
				A9FF3D831F9168B6006FC420 /* FlickrRequest.swift */,
			);
			name = API;
			sourceTree = "<group>";
		};
		A9A3A1FB1BEBB443009BE8E1 = {
			isa = PBXGroup;
			children = (
				A9A3A2061BEBB443009BE8E1 /* FlickFinder */,
				A9A3A2051BEBB443009BE8E1 /* Products */,
			);
			sourceTree = "<group>";
		};
		A9A3A2051BEBB443009BE8E1 /* Products */ = {
			isa = PBXGroup;
			children = (
				A9A3A2041BEBB443009BE8E1 /* FlickFinder.app */,
			);
			name = Products;
			sourceTree = "<group>";
		};
		A9A3A2061BEBB443009BE8E1 /* FlickFinder */ = {
			isa = PBXGroup;
			children = (
				A9A3A2071BEBB443009BE8E1 /* AppDelegate.swift */,
				A94286BC1F83EF9E0080CF17 /* Models */,
				A94286BD1F83EFA60080CF17 /* Views */,
				A94286BE1F83EFAD0080CF17 /* Controllers */,
				A955139C1F86B6BC0041C52B /* Extensions */,
				A9A3A21B1BEBB478009BE8E1 /* Assets */,
				A9A3A21C1BEBB47E009BE8E1 /* Supporting Files */,
			);
			path = FlickFinder;
			sourceTree = "<group>";
		};
		A9A3A21B1BEBB478009BE8E1 /* Assets */ = {
			isa = PBXGroup;
			children = (
				A9FA133C1D1AB67C00B5F46E /* LaunchScreen.xib */,
				A9A3A20E1BEBB443009BE8E1 /* Assets.xcassets */,
				A9A3A20B1BEBB443009BE8E1 /* Main.storyboard */,
			);
			name = Assets;
			sourceTree = "<group>";
		};
		A9A3A21C1BEBB47E009BE8E1 /* Supporting Files */ = {
			isa = PBXGroup;
			children = (
				A9A3A2131BEBB443009BE8E1 /* Info.plist */,
				A9A2D4461FADEA36007DC569 /* Secrets.plist */,
			);
			name = "Supporting Files";
			sourceTree = "<group>";
		};
/* End PBXGroup section */

/* Begin PBXNativeTarget section */
		A9A3A2031BEBB443009BE8E1 /* FlickFinder */ = {
			isa = PBXNativeTarget;
			buildConfigurationList = A9A3A2161BEBB443009BE8E1 /* Build configuration list for PBXNativeTarget "FlickFinder" */;
			buildPhases = (
				A9A3A2001BEBB443009BE8E1 /* Sources */,
				A9A3A2011BEBB443009BE8E1 /* Frameworks */,
				A9A3A2021BEBB443009BE8E1 /* Resources */,
			);
			buildRules = (
			);
			dependencies = (
			);
			name = FlickFinder;
			productName = FlickFinder;
			productReference = A9A3A2041BEBB443009BE8E1 /* FlickFinder.app */;
			productType = "com.apple.product-type.application";
		};
/* End PBXNativeTarget section */

/* Begin PBXProject section */
		A9A3A1FC1BEBB443009BE8E1 /* Project object */ = {
			isa = PBXProject;
			attributes = {
				LastSwiftUpdateCheck = 0710;
				LastUpgradeCheck = 0900;
				ORGANIZATIONNAME = Udacity;
				TargetAttributes = {
					A9A3A2031BEBB443009BE8E1 = {
						CreatedOnToolsVersion = 7.1;
						LastSwiftMigration = 0900;
					};
				};
			};
			buildConfigurationList = A9A3A1FF1BEBB443009BE8E1 /* Build configuration list for PBXProject "FlickFinder" */;
			compatibilityVersion = "Xcode 3.2";
			developmentRegion = English;
			hasScannedForEncodings = 0;
			knownRegions = (
				en,
				Base,
			);
			mainGroup = A9A3A1FB1BEBB443009BE8E1;
			productRefGroup = A9A3A2051BEBB443009BE8E1 /* Products */;
			projectDirPath = "";
			projectRoot = "";
			targets = (
				A9A3A2031BEBB443009BE8E1 /* FlickFinder */,
			);
		};
/* End PBXProject section */

/* Begin PBXResourcesBuildPhase section */
		A9A3A2021BEBB443009BE8E1 /* Resources */ = {
			isa = PBXResourcesBuildPhase;
			buildActionMask = 2147483647;
			files = (
				A9A2D4471FADEA36007DC569 /* Secrets.plist in Resources */,
				A9A3A20F1BEBB443009BE8E1 /* Assets.xcassets in Resources */,
				A9FA133E1D1AB67C00B5F46E /* LaunchScreen.xib in Resources */,
				A9A3A20D1BEBB443009BE8E1 /* Main.storyboard in Resources */,
			);
			runOnlyForDeploymentPostprocessing = 0;
		};
/* End PBXResourcesBuildPhase section */

/* Begin PBXSourcesBuildPhase section */
		A9A3A2001BEBB443009BE8E1 /* Sources */ = {
			isa = PBXSourcesBuildPhase;
			buildActionMask = 2147483647;
			files = (
				A9A2D4491FADEA61007DC569 /* Secrets.swift in Sources */,
				A955139B1F866F640041C52B /* ParseOperation.swift in Sources */,
				A9FF3D881F917D89006FC420 /* FlickrError.swift in Sources */,
				A955139E1F86B6CA0041C52B /* Double+InRange.swift in Sources */,
				A9FF3D8A1F91A59B006FC420 /* Status.swift in Sources */,
				A94286C51F83F1360080CF17 /* PhotoResponse.swift in Sources */,
				A9FF3D821F9166CA006FC420 /* UIViewController+Alert.swift in Sources */,
				A9FF3D8C1F91A610006FC420 /* FlickrParseOperation.swift in Sources */,
				A94286C71F83F55C0080CF17 /* PhotoList.swift in Sources */,
				A95513981F866BCD0041C52B /* FetchOperation.swift in Sources */,
				A957A2311F841860006C95CD /* SearchDataSource.swift in Sources */,
				A9FF3D861F917CD3006FC420 /* ParseImageOperation.swift in Sources */,
				A957A2341F8418D6006C95CD /* Flickr.swift in Sources */,
				A9FF3D841F9168B6006FC420 /* FlickrRequest.swift in Sources */,
				A955139A1F866BCD0041C52B /* OperationState.swift in Sources */,
				A9A3A20A1BEBB443009BE8E1 /* SearchViewController.swift in Sources */,
				A9A3A2081BEBB443009BE8E1 /* AppDelegate.swift in Sources */,
				A95513971F866BCD0041C52B /* BaseOperation.swift in Sources */,
				A94286C31F83F10D0080CF17 /* Photo.swift in Sources */,
			);
			runOnlyForDeploymentPostprocessing = 0;
		};
/* End PBXSourcesBuildPhase section */

/* Begin PBXVariantGroup section */
		A9A3A20B1BEBB443009BE8E1 /* Main.storyboard */ = {
			isa = PBXVariantGroup;
			children = (
				A9A3A20C1BEBB443009BE8E1 /* Base */,
			);
			name = Main.storyboard;
			sourceTree = "<group>";
		};
		A9FA133C1D1AB67C00B5F46E /* LaunchScreen.xib */ = {
			isa = PBXVariantGroup;
			children = (
				A9FA133D1D1AB67C00B5F46E /* Base */,
			);
			name = LaunchScreen.xib;
			sourceTree = "<group>";
		};
/* End PBXVariantGroup section */

/* Begin XCBuildConfiguration section */
		A9A3A2141BEBB443009BE8E1 /* Debug */ = {
			isa = XCBuildConfiguration;
			buildSettings = {
				ALWAYS_SEARCH_USER_PATHS = NO;
				CLANG_CXX_LANGUAGE_STANDARD = "gnu++0x";
				CLANG_CXX_LIBRARY = "libc++";
				CLANG_ENABLE_MODULES = YES;
				CLANG_ENABLE_OBJC_ARC = YES;
				CLANG_WARN_BLOCK_CAPTURE_AUTORELEASING = YES;
				CLANG_WARN_BOOL_CONVERSION = YES;
				CLANG_WARN_COMMA = YES;
				CLANG_WARN_CONSTANT_CONVERSION = YES;
				CLANG_WARN_DIRECT_OBJC_ISA_USAGE = YES_ERROR;
				CLANG_WARN_EMPTY_BODY = YES;
				CLANG_WARN_ENUM_CONVERSION = YES;
				CLANG_WARN_INFINITE_RECURSION = YES;
				CLANG_WARN_INT_CONVERSION = YES;
				CLANG_WARN_NON_LITERAL_NULL_CONVERSION = YES;
				CLANG_WARN_OBJC_LITERAL_CONVERSION = YES;
				CLANG_WARN_OBJC_ROOT_CLASS = YES_ERROR;
				CLANG_WARN_RANGE_LOOP_ANALYSIS = YES;
				CLANG_WARN_STRICT_PROTOTYPES = YES;
				CLANG_WARN_SUSPICIOUS_MOVE = YES;
				CLANG_WARN_UNREACHABLE_CODE = YES;
				CLANG_WARN__DUPLICATE_METHOD_MATCH = YES;
				"CODE_SIGN_IDENTITY[sdk=iphoneos*]" = "iPhone Developer";
				COPY_PHASE_STRIP = NO;
				DEBUG_INFORMATION_FORMAT = dwarf;
				ENABLE_STRICT_OBJC_MSGSEND = YES;
				ENABLE_TESTABILITY = YES;
				GCC_C_LANGUAGE_STANDARD = gnu99;
				GCC_DYNAMIC_NO_PIC = NO;
				GCC_NO_COMMON_BLOCKS = YES;
				GCC_OPTIMIZATION_LEVEL = 0;
				GCC_PREPROCESSOR_DEFINITIONS = (
					"DEBUG=1",
					"$(inherited)",
				);
				GCC_WARN_64_TO_32_BIT_CONVERSION = YES;
				GCC_WARN_ABOUT_RETURN_TYPE = YES_ERROR;
				GCC_WARN_UNDECLARED_SELECTOR = YES;
				GCC_WARN_UNINITIALIZED_AUTOS = YES_AGGRESSIVE;
				GCC_WARN_UNUSED_FUNCTION = YES;
				GCC_WARN_UNUSED_VARIABLE = YES;
				IPHONEOS_DEPLOYMENT_TARGET = 9.1;
				MTL_ENABLE_DEBUG_INFO = YES;
				ONLY_ACTIVE_ARCH = YES;
				SDKROOT = iphoneos;
				SWIFT_OPTIMIZATION_LEVEL = "-Onone";
				TARGETED_DEVICE_FAMILY = "1,2";
			};
			name = Debug;
		};
		A9A3A2151BEBB443009BE8E1 /* Release */ = {
			isa = XCBuildConfiguration;
			buildSettings = {
				ALWAYS_SEARCH_USER_PATHS = NO;
				CLANG_CXX_LANGUAGE_STANDARD = "gnu++0x";
				CLANG_CXX_LIBRARY = "libc++";
				CLANG_ENABLE_MODULES = YES;
				CLANG_ENABLE_OBJC_ARC = YES;
				CLANG_WARN_BLOCK_CAPTURE_AUTORELEASING = YES;
				CLANG_WARN_BOOL_CONVERSION = YES;
				CLANG_WARN_COMMA = YES;
				CLANG_WARN_CONSTANT_CONVERSION = YES;
				CLANG_WARN_DIRECT_OBJC_ISA_USAGE = YES_ERROR;
				CLANG_WARN_EMPTY_BODY = YES;
				CLANG_WARN_ENUM_CONVERSION = YES;
				CLANG_WARN_INFINITE_RECURSION = YES;
				CLANG_WARN_INT_CONVERSION = YES;
				CLANG_WARN_NON_LITERAL_NULL_CONVERSION = YES;
				CLANG_WARN_OBJC_LITERAL_CONVERSION = YES;
				CLANG_WARN_OBJC_ROOT_CLASS = YES_ERROR;
				CLANG_WARN_RANGE_LOOP_ANALYSIS = YES;
				CLANG_WARN_STRICT_PROTOTYPES = YES;
				CLANG_WARN_SUSPICIOUS_MOVE = YES;
				CLANG_WARN_UNREACHABLE_CODE = YES;
				CLANG_WARN__DUPLICATE_METHOD_MATCH = YES;
				"CODE_SIGN_IDENTITY[sdk=iphoneos*]" = "iPhone Developer";
				COPY_PHASE_STRIP = NO;
				DEBUG_INFORMATION_FORMAT = "dwarf-with-dsym";
				ENABLE_NS_ASSERTIONS = NO;
				ENABLE_STRICT_OBJC_MSGSEND = YES;
				GCC_C_LANGUAGE_STANDARD = gnu99;
				GCC_NO_COMMON_BLOCKS = YES;
				GCC_WARN_64_TO_32_BIT_CONVERSION = YES;
				GCC_WARN_ABOUT_RETURN_TYPE = YES_ERROR;
				GCC_WARN_UNDECLARED_SELECTOR = YES;
				GCC_WARN_UNINITIALIZED_AUTOS = YES_AGGRESSIVE;
				GCC_WARN_UNUSED_FUNCTION = YES;
				GCC_WARN_UNUSED_VARIABLE = YES;
				IPHONEOS_DEPLOYMENT_TARGET = 9.1;
				MTL_ENABLE_DEBUG_INFO = NO;
				SDKROOT = iphoneos;
				TARGETED_DEVICE_FAMILY = "1,2";
				VALIDATE_PRODUCT = YES;
			};
			name = Release;
		};
		A9A3A2171BEBB443009BE8E1 /* Debug */ = {
			isa = XCBuildConfiguration;
			buildSettings = {
				ASSETCATALOG_COMPILER_APPICON_NAME = AppIcon;
				INFOPLIST_FILE = FlickFinder/Info.plist;
				LD_RUNPATH_SEARCH_PATHS = "$(inherited) @executable_path/Frameworks";
				PRODUCT_BUNDLE_IDENTIFIER = com.Udacity.FlickFinder;
				PRODUCT_NAME = "$(TARGET_NAME)";
				SWIFT_SWIFT3_OBJC_INFERENCE = Default;
				SWIFT_VERSION = 4.0;
			};
			name = Debug;
		};
		A9A3A2181BEBB443009BE8E1 /* Release */ = {
			isa = XCBuildConfiguration;
			buildSettings = {
				ASSETCATALOG_COMPILER_APPICON_NAME = AppIcon;
				INFOPLIST_FILE = FlickFinder/Info.plist;
				LD_RUNPATH_SEARCH_PATHS = "$(inherited) @executable_path/Frameworks";
				PRODUCT_BUNDLE_IDENTIFIER = com.Udacity.FlickFinder;
				PRODUCT_NAME = "$(TARGET_NAME)";
				SWIFT_OPTIMIZATION_LEVEL = "-Owholemodule";
				SWIFT_SWIFT3_OBJC_INFERENCE = Default;
				SWIFT_VERSION = 4.0;
			};
			name = Release;
		};
/* End XCBuildConfiguration section */

/* Begin XCConfigurationList section */
		A9A3A1FF1BEBB443009BE8E1 /* Build configuration list for PBXProject "FlickFinder" */ = {
			isa = XCConfigurationList;
			buildConfigurations = (
				A9A3A2141BEBB443009BE8E1 /* Debug */,
				A9A3A2151BEBB443009BE8E1 /* Release */,
			);
			defaultConfigurationIsVisible = 0;
			defaultConfigurationName = Release;
		};
		A9A3A2161BEBB443009BE8E1 /* Build configuration list for PBXNativeTarget "FlickFinder" */ = {
			isa = XCConfigurationList;
			buildConfigurations = (
				A9A3A2171BEBB443009BE8E1 /* Debug */,
				A9A3A2181BEBB443009BE8E1 /* Release */,
			);
			defaultConfigurationIsVisible = 0;
			defaultConfigurationName = Release;
		};
/* End XCConfigurationList section */
	};
	rootObject = A9A3A1FC1BEBB443009BE8E1 /* Project object */;
}
