// !$*UTF8*$!
{
	archiveVersion = 1;
	classes = {
	};
	objectVersion = 46;
	objects = {

/* Begin PBXBuildFile section */
		A96C401A1BED0F5E00BA6803 /* Constants.swift in Sources */ = {isa = PBXBuildFile; fileRef = A96C40191BED0F5E00BA6803 /* Constants.swift */; };
		A9A3A2321BEBE25C009BE8E1 /* AppDelegate.swift in Sources */ = {isa = PBXBuildFile; fileRef = A9A3A2311BEBE25C009BE8E1 /* AppDelegate.swift */; };
		A9A3A2371BEBE25C009BE8E1 /* Main.storyboard in Resources */ = {isa = PBXBuildFile; fileRef = A9A3A2351BEBE25C009BE8E1 /* Main.storyboard */; };
		A9A3A2391BEBE25C009BE8E1 /* Assets.xcassets in Resources */ = {isa = PBXBuildFile; fileRef = A9A3A2381BEBE25C009BE8E1 /* Assets.xcassets */; };
		A9A3A2461BEBFE21009BE8E1 /* BorderedButton.swift in Sources */ = {isa = PBXBuildFile; fileRef = A9A3A2451BEBFE21009BE8E1 /* BorderedButton.swift */; };
		A9A3A2481BEBFE6F009BE8E1 /* LoginViewController.swift in Sources */ = {isa = PBXBuildFile; fileRef = A9A3A2471BEBFE6F009BE8E1 /* LoginViewController.swift */; };
		A9A3A24A1BEC0208009BE8E1 /* GCDBlackBox.swift in Sources */ = {isa = PBXBuildFile; fileRef = A9A3A2491BEC0208009BE8E1 /* GCDBlackBox.swift */; };
		A9A3A24F1BEC11DE009BE8E1 /* FavoritesTableViewController.swift in Sources */ = {isa = PBXBuildFile; fileRef = A9A3A24C1BEC11DE009BE8E1 /* FavoritesTableViewController.swift */; };
		A9A3A2501BEC11DE009BE8E1 /* GenreTableViewController.swift in Sources */ = {isa = PBXBuildFile; fileRef = A9A3A24D1BEC11DE009BE8E1 /* GenreTableViewController.swift */; };
		A9A3A2511BEC11DE009BE8E1 /* MovieDetailViewController.swift in Sources */ = {isa = PBXBuildFile; fileRef = A9A3A24E1BEC11DE009BE8E1 /* MovieDetailViewController.swift */; };
		A9A3A2541BEC11F7009BE8E1 /* Config.swift in Sources */ = {isa = PBXBuildFile; fileRef = A9A3A2521BEC11F7009BE8E1 /* Config.swift */; };
		A9A3A2551BEC11F7009BE8E1 /* Movie.swift in Sources */ = {isa = PBXBuildFile; fileRef = A9A3A2531BEC11F7009BE8E1 /* Movie.swift */; };
		A9FA13471D1AB6D800B5F46E /* LaunchScreen.xib in Resources */ = {isa = PBXBuildFile; fileRef = A9FA13451D1AB6D800B5F46E /* LaunchScreen.xib */; };
/* End PBXBuildFile section */

/* Begin PBXFileReference section */
		A96C40191BED0F5E00BA6803 /* Constants.swift */ = {isa = PBXFileReference; fileEncoding = 4; lastKnownFileType = sourcecode.swift; path = Constants.swift; sourceTree = "<group>"; };
		A9A3A22E1BEBE25C009BE8E1 /* MyFavoriteMovies.app */ = {isa = PBXFileReference; explicitFileType = wrapper.application; includeInIndex = 0; path = MyFavoriteMovies.app; sourceTree = BUILT_PRODUCTS_DIR; };
		A9A3A2311BEBE25C009BE8E1 /* AppDelegate.swift */ = {isa = PBXFileReference; lastKnownFileType = sourcecode.swift; path = AppDelegate.swift; sourceTree = "<group>"; };
		A9A3A2361BEBE25C009BE8E1 /* Base */ = {isa = PBXFileReference; lastKnownFileType = file.storyboard; name = Base; path = Base.lproj/Main.storyboard; sourceTree = "<group>"; };
		A9A3A2381BEBE25C009BE8E1 /* Assets.xcassets */ = {isa = PBXFileReference; lastKnownFileType = folder.assetcatalog; path = Assets.xcassets; sourceTree = "<group>"; };
		A9A3A23D1BEBE25C009BE8E1 /* Info.plist */ = {isa = PBXFileReference; lastKnownFileType = text.plist.xml; path = Info.plist; sourceTree = "<group>"; };
		A9A3A2451BEBFE21009BE8E1 /* BorderedButton.swift */ = {isa = PBXFileReference; fileEncoding = 4; lastKnownFileType = sourcecode.swift; path = BorderedButton.swift; sourceTree = "<group>"; };
		A9A3A2471BEBFE6F009BE8E1 /* LoginViewController.swift */ = {isa = PBXFileReference; fileEncoding = 4; lastKnownFileType = sourcecode.swift; path = LoginViewController.swift; sourceTree = "<group>"; };
		A9A3A2491BEC0208009BE8E1 /* GCDBlackBox.swift */ = {isa = PBXFileReference; fileEncoding = 4; lastKnownFileType = sourcecode.swift; path = GCDBlackBox.swift; sourceTree = "<group>"; };
		A9A3A24C1BEC11DE009BE8E1 /* FavoritesTableViewController.swift */ = {isa = PBXFileReference; fileEncoding = 4; lastKnownFileType = sourcecode.swift; path = FavoritesTableViewController.swift; sourceTree = "<group>"; };
		A9A3A24D1BEC11DE009BE8E1 /* GenreTableViewController.swift */ = {isa = PBXFileReference; fileEncoding = 4; lastKnownFileType = sourcecode.swift; path = GenreTableViewController.swift; sourceTree = "<group>"; };
		A9A3A24E1BEC11DE009BE8E1 /* MovieDetailViewController.swift */ = {isa = PBXFileReference; fileEncoding = 4; lastKnownFileType = sourcecode.swift; path = MovieDetailViewController.swift; sourceTree = "<group>"; };
		A9A3A2521BEC11F7009BE8E1 /* Config.swift */ = {isa = PBXFileReference; fileEncoding = 4; lastKnownFileType = sourcecode.swift; path = Config.swift; sourceTree = "<group>"; };
		A9A3A2531BEC11F7009BE8E1 /* Movie.swift */ = {isa = PBXFileReference; fileEncoding = 4; lastKnownFileType = sourcecode.swift; path = Movie.swift; sourceTree = "<group>"; };
		A9FA13461D1AB6D800B5F46E /* Base */ = {isa = PBXFileReference; lastKnownFileType = file.xib; name = Base; path = Base.lproj/LaunchScreen.xib; sourceTree = "<group>"; };
/* End PBXFileReference section */

/* Begin PBXFrameworksBuildPhase section */
		A9A3A22B1BEBE25C009BE8E1 /* Frameworks */ = {
			isa = PBXFrameworksBuildPhase;
			buildActionMask = 2147483647;
			files = (
			);
			runOnlyForDeploymentPostprocessing = 0;
		};
/* End PBXFrameworksBuildPhase section */

/* Begin PBXGroup section */
		A96C401B1BED115A00BA6803 /* Provided Classes */ = {
			isa = PBXGroup;
			children = (
				A9A3A2451BEBFE21009BE8E1 /* BorderedButton.swift */,
				A9A3A2521BEC11F7009BE8E1 /* Config.swift */,
			);
			name = "Provided Classes";
			sourceTree = "<group>";
		};
		A9A3A2251BEBE25C009BE8E1 = {
			isa = PBXGroup;
			children = (
				A9A3A2301BEBE25C009BE8E1 /* MyFavoriteMovies */,
				A9A3A22F1BEBE25C009BE8E1 /* Products */,
			);
			sourceTree = "<group>";
		};
		A9A3A22F1BEBE25C009BE8E1 /* Products */ = {
			isa = PBXGroup;
			children = (
				A9A3A22E1BEBE25C009BE8E1 /* MyFavoriteMovies.app */,
			);
			name = Products;
			sourceTree = "<group>";
		};
		A9A3A2301BEBE25C009BE8E1 /* MyFavoriteMovies */ = {
			isa = PBXGroup;
			children = (
				A9A3A2311BEBE25C009BE8E1 /* AppDelegate.swift */,
				A9A3A2531BEC11F7009BE8E1 /* Movie.swift */,
				A96C40191BED0F5E00BA6803 /* Constants.swift */,
				A9A3A2491BEC0208009BE8E1 /* GCDBlackBox.swift */,
				A96C401B1BED115A00BA6803 /* Provided Classes */,
				A9A3A24B1BEC0940009BE8E1 /* View Controllers */,
				A9A3A2431BEBE263009BE8E1 /* Assets */,
				A9A3A2441BEBE26D009BE8E1 /* Supporting Files */,
			);
			path = MyFavoriteMovies;
			sourceTree = "<group>";
		};
		A9A3A2431BEBE263009BE8E1 /* Assets */ = {
			isa = PBXGroup;
			children = (
				A9FA13451D1AB6D800B5F46E /* LaunchScreen.xib */,
				A9A3A2381BEBE25C009BE8E1 /* Assets.xcassets */,
				A9A3A2351BEBE25C009BE8E1 /* Main.storyboard */,
			);
			name = Assets;
			sourceTree = "<group>";
		};
		A9A3A2441BEBE26D009BE8E1 /* Supporting Files */ = {
			isa = PBXGroup;
			children = (
				A9A3A23D1BEBE25C009BE8E1 /* Info.plist */,
			);
			name = "Supporting Files";
			sourceTree = "<group>";
		};
		A9A3A24B1BEC0940009BE8E1 /* View Controllers */ = {
			isa = PBXGroup;
			children = (
				A9A3A2471BEBFE6F009BE8E1 /* LoginViewController.swift */,
				A9A3A24C1BEC11DE009BE8E1 /* FavoritesTableViewController.swift */,
				A9A3A24D1BEC11DE009BE8E1 /* GenreTableViewController.swift */,
				A9A3A24E1BEC11DE009BE8E1 /* MovieDetailViewController.swift */,
			);
			name = "View Controllers";
			sourceTree = "<group>";
		};
/* End PBXGroup section */

/* Begin PBXNativeTarget section */
		A9A3A22D1BEBE25C009BE8E1 /* MyFavoriteMovies */ = {
			isa = PBXNativeTarget;
			buildConfigurationList = A9A3A2401BEBE25C009BE8E1 /* Build configuration list for PBXNativeTarget "MyFavoriteMovies" */;
			buildPhases = (
				A9A3A22A1BEBE25C009BE8E1 /* Sources */,
				A9A3A22B1BEBE25C009BE8E1 /* Frameworks */,
				A9A3A22C1BEBE25C009BE8E1 /* Resources */,
			);
			buildRules = (
			);
			dependencies = (
			);
			name = MyFavoriteMovies;
			productName = MyFavoriteMovies;
			productReference = A9A3A22E1BEBE25C009BE8E1 /* MyFavoriteMovies.app */;
			productType = "com.apple.product-type.application";
		};
/* End PBXNativeTarget section */

/* Begin PBXProject section */
		A9A3A2261BEBE25C009BE8E1 /* Project object */ = {
			isa = PBXProject;
			attributes = {
				LastSwiftUpdateCheck = 0710;
				LastUpgradeCheck = 0710;
				ORGANIZATIONNAME = Udacity;
				TargetAttributes = {
					A9A3A22D1BEBE25C009BE8E1 = {
						CreatedOnToolsVersion = 7.1;
					};
				};
			};
			buildConfigurationList = A9A3A2291BEBE25C009BE8E1 /* Build configuration list for PBXProject "MyFavoriteMovies" */;
			compatibilityVersion = "Xcode 3.2";
			developmentRegion = English;
			hasScannedForEncodings = 0;
			knownRegions = (
				en,
				Base,
			);
			mainGroup = A9A3A2251BEBE25C009BE8E1;
			productRefGroup = A9A3A22F1BEBE25C009BE8E1 /* Products */;
			projectDirPath = "";
			projectRoot = "";
			targets = (
				A9A3A22D1BEBE25C009BE8E1 /* MyFavoriteMovies */,
			);
		};
/* End PBXProject section */

/* Begin PBXResourcesBuildPhase section */
		A9A3A22C1BEBE25C009BE8E1 /* Resources */ = {
			isa = PBXResourcesBuildPhase;
			buildActionMask = 2147483647;
			files = (
				A9A3A2391BEBE25C009BE8E1 /* Assets.xcassets in Resources */,
				A9FA13471D1AB6D800B5F46E /* LaunchScreen.xib in Resources */,
				A9A3A2371BEBE25C009BE8E1 /* Main.storyboard in Resources */,
			);
			runOnlyForDeploymentPostprocessing = 0;
		};
/* End PBXResourcesBuildPhase section */

/* Begin PBXSourcesBuildPhase section */
		A9A3A22A1BEBE25C009BE8E1 /* Sources */ = {
			isa = PBXSourcesBuildPhase;
			buildActionMask = 2147483647;
			files = (
				A9A3A2481BEBFE6F009BE8E1 /* LoginViewController.swift in Sources */,
				A9A3A2321BEBE25C009BE8E1 /* AppDelegate.swift in Sources */,
				A9A3A2551BEC11F7009BE8E1 /* Movie.swift in Sources */,
				A9A3A2461BEBFE21009BE8E1 /* BorderedButton.swift in Sources */,
				A9A3A2501BEC11DE009BE8E1 /* GenreTableViewController.swift in Sources */,
				A96C401A1BED0F5E00BA6803 /* Constants.swift in Sources */,
				A9A3A2511BEC11DE009BE8E1 /* MovieDetailViewController.swift in Sources */,
				A9A3A2541BEC11F7009BE8E1 /* Config.swift in Sources */,
				A9A3A24F1BEC11DE009BE8E1 /* FavoritesTableViewController.swift in Sources */,
				A9A3A24A1BEC0208009BE8E1 /* GCDBlackBox.swift in Sources */,
			);
			runOnlyForDeploymentPostprocessing = 0;
		};
/* End PBXSourcesBuildPhase section */

/* Begin PBXVariantGroup section */
		A9A3A2351BEBE25C009BE8E1 /* Main.storyboard */ = {
			isa = PBXVariantGroup;
			children = (
				A9A3A2361BEBE25C009BE8E1 /* Base */,
			);
			name = Main.storyboard;
			sourceTree = "<group>";
		};
		A9FA13451D1AB6D800B5F46E /* LaunchScreen.xib */ = {
			isa = PBXVariantGroup;
			children = (
				A9FA13461D1AB6D800B5F46E /* Base */,
			);
			name = LaunchScreen.xib;
			sourceTree = "<group>";
		};
/* End PBXVariantGroup section */

/* Begin XCBuildConfiguration section */
		A9A3A23E1BEBE25C009BE8E1 /* Debug */ = {
			isa = XCBuildConfiguration;
			buildSettings = {
				ALWAYS_SEARCH_USER_PATHS = NO;
				CLANG_CXX_LANGUAGE_STANDARD = "gnu++0x";
				CLANG_CXX_LIBRARY = "libc++";
				CLANG_ENABLE_MODULES = YES;
				CLANG_ENABLE_OBJC_ARC = YES;
				CLANG_WARN_BOOL_CONVERSION = YES;
				CLANG_WARN_CONSTANT_CONVERSION = YES;
				CLANG_WARN_DIRECT_OBJC_ISA_USAGE = YES_ERROR;
				CLANG_WARN_EMPTY_BODY = YES;
				CLANG_WARN_ENUM_CONVERSION = YES;
				CLANG_WARN_INT_CONVERSION = YES;
				CLANG_WARN_OBJC_ROOT_CLASS = YES_ERROR;
				CLANG_WARN_UNREACHABLE_CODE = YES;
				CLANG_WARN__DUPLICATE_METHOD_MATCH = YES;
				"CODE_SIGN_IDENTITY[sdk=iphoneos*]" = "iPhone Developer";
				COPY_PHASE_STRIP = NO;
				DEBUG_INFORMATION_FORMAT = dwarf;
				ENABLE_STRICT_OBJC_MSGSEND = YES;
				ENABLE_TESTABILITY = YES;
				GCC_C_LANGUAGE_STANDARD = gnu99;
				GCC_DYNAMIC_NO_PIC = NO;
				GCC_NO_COMMON_BLOCKS = YES;
				GCC_OPTIMIZATION_LEVEL = 0;
				GCC_PREPROCESSOR_DEFINITIONS = (
					"DEBUG=1",
					"$(inherited)",
				);
				GCC_WARN_64_TO_32_BIT_CONVERSION = YES;
				GCC_WARN_ABOUT_RETURN_TYPE = YES_ERROR;
				GCC_WARN_UNDECLARED_SELECTOR = YES;
				GCC_WARN_UNINITIALIZED_AUTOS = YES_AGGRESSIVE;
				GCC_WARN_UNUSED_FUNCTION = YES;
				GCC_WARN_UNUSED_VARIABLE = YES;
				IPHONEOS_DEPLOYMENT_TARGET = 9.1;
				MTL_ENABLE_DEBUG_INFO = YES;
				ONLY_ACTIVE_ARCH = YES;
				SDKROOT = iphoneos;
				SWIFT_OPTIMIZATION_LEVEL = "-Onone";
				TARGETED_DEVICE_FAMILY = "1,2";
			};
			name = Debug;
		};
		A9A3A23F1BEBE25C009BE8E1 /* Release */ = {
			isa = XCBuildConfiguration;
			buildSettings = {
				ALWAYS_SEARCH_USER_PATHS = NO;
				CLANG_CXX_LANGUAGE_STANDARD = "gnu++0x";
				CLANG_CXX_LIBRARY = "libc++";
				CLANG_ENABLE_MODULES = YES;
				CLANG_ENABLE_OBJC_ARC = YES;
				CLANG_WARN_BOOL_CONVERSION = YES;
				CLANG_WARN_CONSTANT_CONVERSION = YES;
				CLANG_WARN_DIRECT_OBJC_ISA_USAGE = YES_ERROR;
				CLANG_WARN_EMPTY_BODY = YES;
				CLANG_WARN_ENUM_CONVERSION = YES;
				CLANG_WARN_INT_CONVERSION = YES;
				CLANG_WARN_OBJC_ROOT_CLASS = YES_ERROR;
				CLANG_WARN_UNREACHABLE_CODE = YES;
				CLANG_WARN__DUPLICATE_METHOD_MATCH = YES;
				"CODE_SIGN_IDENTITY[sdk=iphoneos*]" = "iPhone Developer";
				COPY_PHASE_STRIP = NO;
				DEBUG_INFORMATION_FORMAT = "dwarf-with-dsym";
				ENABLE_NS_ASSERTIONS = NO;
				ENABLE_STRICT_OBJC_MSGSEND = YES;
				GCC_C_LANGUAGE_STANDARD = gnu99;
				GCC_NO_COMMON_BLOCKS = YES;
				GCC_WARN_64_TO_32_BIT_CONVERSION = YES;
				GCC_WARN_ABOUT_RETURN_TYPE = YES_ERROR;
				GCC_WARN_UNDECLARED_SELECTOR = YES;
				GCC_WARN_UNINITIALIZED_AUTOS = YES_AGGRESSIVE;
				GCC_WARN_UNUSED_FUNCTION = YES;
				GCC_WARN_UNUSED_VARIABLE = YES;
				IPHONEOS_DEPLOYMENT_TARGET = 9.1;
				MTL_ENABLE_DEBUG_INFO = NO;
				SDKROOT = iphoneos;
				TARGETED_DEVICE_FAMILY = "1,2";
				VALIDATE_PRODUCT = YES;
			};
			name = Release;
		};
		A9A3A2411BEBE25C009BE8E1 /* Debug */ = {
			isa = XCBuildConfiguration;
			buildSettings = {
				ASSETCATALOG_COMPILER_APPICON_NAME = AppIcon;
				INFOPLIST_FILE = MyFavoriteMovies/Info.plist;
				LD_RUNPATH_SEARCH_PATHS = "$(inherited) @executable_path/Frameworks";
				PRODUCT_BUNDLE_IDENTIFIER = com.Udacity.MyFavoriteMovies;
				PRODUCT_NAME = "$(TARGET_NAME)";
			};
			name = Debug;
		};
		A9A3A2421BEBE25C009BE8E1 /* Release */ = {
			isa = XCBuildConfiguration;
			buildSettings = {
				ASSETCATALOG_COMPILER_APPICON_NAME = AppIcon;
				INFOPLIST_FILE = MyFavoriteMovies/Info.plist;
				LD_RUNPATH_SEARCH_PATHS = "$(inherited) @executable_path/Frameworks";
				PRODUCT_BUNDLE_IDENTIFIER = com.Udacity.MyFavoriteMovies;
				PRODUCT_NAME = "$(TARGET_NAME)";
			};
			name = Release;
		};
/* End XCBuildConfiguration section */

/* Begin XCConfigurationList section */
		A9A3A2291BEBE25C009BE8E1 /* Build configuration list for PBXProject "MyFavoriteMovies" */ = {
			isa = XCConfigurationList;
			buildConfigurations = (
				A9A3A23E1BEBE25C009BE8E1 /* Debug */,
				A9A3A23F1BEBE25C009BE8E1 /* Release */,
			);
			defaultConfigurationIsVisible = 0;
			defaultConfigurationName = Release;
		};
		A9A3A2401BEBE25C009BE8E1 /* Build configuration list for PBXNativeTarget "MyFavoriteMovies" */ = {
			isa = XCConfigurationList;
			buildConfigurations = (
				A9A3A2411BEBE25C009BE8E1 /* Debug */,
				A9A3A2421BEBE25C009BE8E1 /* Release */,
			);
			defaultConfigurationIsVisible = 0;
			defaultConfigurationName = Release;
		};
/* End XCConfigurationList section */
	};
	rootObject = A9A3A2261BEBE25C009BE8E1 /* Project object */;
}
