// !$*UTF8*$!
{
	archiveVersion = 1;
	classes = {
	};
	objectVersion = 46;
	objects = {

/* Begin PBXBuildFile section */
		A926A2781F8BF9FC00C16F30 /* MovieState.swift in Sources */ = {isa = PBXBuildFile; fileRef = A926A2771F8BF9FC00C16F30 /* MovieState.swift */; };
		A932965E1F87BFFF00D6C6C6 /* OperationState.swift in Sources */ = {isa = PBXBuildFile; fileRef = A932965C1F87BFFF00D6C6C6 /* OperationState.swift */; };
		A932965F1F87BFFF00D6C6C6 /* BaseOperation.swift in Sources */ = {isa = PBXBuildFile; fileRef = A932965D1F87BFFF00D6C6C6 /* BaseOperation.swift */; };
		A93296621F87C04800D6C6C6 /* ParseOperation.swift in Sources */ = {isa = PBXBuildFile; fileRef = A93296601F87C04800D6C6C6 /* ParseOperation.swift */; };
		A93296651F87C3F800D6C6C6 /* MovieDataSource.swift in Sources */ = {isa = PBXBuildFile; fileRef = A93296641F87C3F800D6C6C6 /* MovieDataSource.swift */; };
		A932966B1F87C42200D6C6C6 /* MoviesDataSource.swift in Sources */ = {isa = PBXBuildFile; fileRef = A932966A1F87C42200D6C6C6 /* MoviesDataSource.swift */; };
		A932966E1F87C66000D6C6C6 /* UIColor+Theme.swift in Sources */ = {isa = PBXBuildFile; fileRef = A932966D1F87C66000D6C6C6 /* UIColor+Theme.swift */; };
		A939B1801F8BAD5D00291CDA /* TMDBRequest.swift in Sources */ = {isa = PBXBuildFile; fileRef = A939B17F1F8BAD5D00291CDA /* TMDBRequest.swift */; };
		A9590C5C1F87EF5400980854 /* FetchOperation.swift in Sources */ = {isa = PBXBuildFile; fileRef = A9590C5B1F87EF5400980854 /* FetchOperation.swift */; };
		A9590C621F88135A00980854 /* ErrorResults.swift in Sources */ = {isa = PBXBuildFile; fileRef = A9590C611F88135A00980854 /* ErrorResults.swift */; };
		A9590C641F88289C00980854 /* TMDBParseOperation.swift in Sources */ = {isa = PBXBuildFile; fileRef = A9590C631F88289C00980854 /* TMDBParseOperation.swift */; };
		A97DE19B1F8D3A9100DA5E31 /* ImageTypes.swift in Sources */ = {isa = PBXBuildFile; fileRef = A97DE19A1F8D3A9100DA5E31 /* ImageTypes.swift */; };
		A97DE19D1F8D3CAC00DA5E31 /* ImageParseOperation.swift in Sources */ = {isa = PBXBuildFile; fileRef = A97DE19C1F8D3CAC00DA5E31 /* ImageParseOperation.swift */; };
		A97DE19F1F8D6CFD00DA5E31 /* ImageConfig.swift in Sources */ = {isa = PBXBuildFile; fileRef = A97DE19E1F8D6CFD00DA5E31 /* ImageConfig.swift */; };
		A9855BAD1BEC3EDB00000031 /* AppDelegate.swift in Sources */ = {isa = PBXBuildFile; fileRef = A9855BAC1BEC3EDB00000031 /* AppDelegate.swift */; };
		A9855BB21BEC3EDB00000031 /* Main.storyboard in Resources */ = {isa = PBXBuildFile; fileRef = A9855BB01BEC3EDB00000031 /* Main.storyboard */; };
		A9855BB41BEC3EDB00000031 /* Assets.xcassets in Resources */ = {isa = PBXBuildFile; fileRef = A9855BB31BEC3EDB00000031 /* Assets.xcassets */; };
		A9855BC21BEC40C400000031 /* BorderedButton.swift in Sources */ = {isa = PBXBuildFile; fileRef = A9855BC01BEC40C400000031 /* BorderedButton.swift */; };
		A9855BCD1BEC41A800000031 /* TMDBAuthViewController.swift in Sources */ = {isa = PBXBuildFile; fileRef = A9855BCA1BEC41A800000031 /* TMDBAuthViewController.swift */; };
		A9855BCF1BEC41A800000031 /* Movie.swift in Sources */ = {isa = PBXBuildFile; fileRef = A9855BCC1BEC41A800000031 /* Movie.swift */; };
		A9855BD11BEC41F500000031 /* LoginViewController.swift in Sources */ = {isa = PBXBuildFile; fileRef = A9855BD01BEC41F500000031 /* LoginViewController.swift */; };
		A9855BDD1BEC4DEB00000031 /* MoviesViewController.swift in Sources */ = {isa = PBXBuildFile; fileRef = A9855BD91BEC4DEB00000031 /* MoviesViewController.swift */; };
		A9855BDE1BEC4DEB00000031 /* MovieViewController.swift in Sources */ = {isa = PBXBuildFile; fileRef = A9855BDA1BEC4DEB00000031 /* MovieViewController.swift */; };
		A9855BDF1BEC4DEB00000031 /* MovieSearchViewController.swift in Sources */ = {isa = PBXBuildFile; fileRef = A9855BDB1BEC4DEB00000031 /* MovieSearchViewController.swift */; };
		A99306B91F87A2A200BB7680 /* MovieResults.swift in Sources */ = {isa = PBXBuildFile; fileRef = A99306B81F87A2A200BB7680 /* MovieResults.swift */; };
		A99306BB1F87AB2700BB7680 /* Config.swift in Sources */ = {isa = PBXBuildFile; fileRef = A99306BA1F87AB2700BB7680 /* Config.swift */; };
		A99306BD1F87AD2E00BB7680 /* TMDB.swift in Sources */ = {isa = PBXBuildFile; fileRef = A99306BC1F87AD2E00BB7680 /* TMDB.swift */; };
		A99306BF1F87B06A00BB7680 /* MarkMedia.swift in Sources */ = {isa = PBXBuildFile; fileRef = A99306BE1F87B06A00BB7680 /* MarkMedia.swift */; };
		A99306C11F87B11200BB7680 /* Status.swift in Sources */ = {isa = PBXBuildFile; fileRef = A99306C01F87B11200BB7680 /* Status.swift */; };
		A99306C31F87B18900BB7680 /* RequestToken.swift in Sources */ = {isa = PBXBuildFile; fileRef = A99306C21F87B18900BB7680 /* RequestToken.swift */; };
		A99306C51F87B1A100BB7680 /* SessionID.swift in Sources */ = {isa = PBXBuildFile; fileRef = A99306C41F87B1A100BB7680 /* SessionID.swift */; };
		A99306C71F87B27F00BB7680 /* Account.swift in Sources */ = {isa = PBXBuildFile; fileRef = A99306C61F87B27F00BB7680 /* Account.swift */; };
		A9AFBD181F8D78E8006DF792 /* UIViewController+Alert.swift in Sources */ = {isa = PBXBuildFile; fileRef = A9AFBD171F8D78E8006DF792 /* UIViewController+Alert.swift */; };
		A9FA13591D1AB76500B5F46E /* LaunchScreen.xib in Resources */ = {isa = PBXBuildFile; fileRef = A9FA13571D1AB76500B5F46E /* LaunchScreen.xib */; };
/* End PBXBuildFile section */

/* Begin PBXFileReference section */
		A926A2771F8BF9FC00C16F30 /* MovieState.swift */ = {isa = PBXFileReference; lastKnownFileType = sourcecode.swift; path = MovieState.swift; sourceTree = "<group>"; };
		A932965C1F87BFFF00D6C6C6 /* OperationState.swift */ = {isa = PBXFileReference; fileEncoding = 4; lastKnownFileType = sourcecode.swift; path = OperationState.swift; sourceTree = "<group>"; };
		A932965D1F87BFFF00D6C6C6 /* BaseOperation.swift */ = {isa = PBXFileReference; fileEncoding = 4; lastKnownFileType = sourcecode.swift; path = BaseOperation.swift; sourceTree = "<group>"; };
		A93296601F87C04800D6C6C6 /* ParseOperation.swift */ = {isa = PBXFileReference; fileEncoding = 4; lastKnownFileType = sourcecode.swift; path = ParseOperation.swift; sourceTree = "<group>"; };
		A93296641F87C3F800D6C6C6 /* MovieDataSource.swift */ = {isa = PBXFileReference; lastKnownFileType = sourcecode.swift; path = MovieDataSource.swift; sourceTree = "<group>"; };
		A932966A1F87C42200D6C6C6 /* MoviesDataSource.swift */ = {isa = PBXFileReference; lastKnownFileType = sourcecode.swift; path = MoviesDataSource.swift; sourceTree = "<group>"; };
		A932966D1F87C66000D6C6C6 /* UIColor+Theme.swift */ = {isa = PBXFileReference; lastKnownFileType = sourcecode.swift; path = "UIColor+Theme.swift"; sourceTree = "<group>"; };
		A939B17F1F8BAD5D00291CDA /* TMDBRequest.swift */ = {isa = PBXFileReference; lastKnownFileType = sourcecode.swift; path = TMDBRequest.swift; sourceTree = "<group>"; };
		A9590C5B1F87EF5400980854 /* FetchOperation.swift */ = {isa = PBXFileReference; lastKnownFileType = sourcecode.swift; path = FetchOperation.swift; sourceTree = "<group>"; };
		A9590C611F88135A00980854 /* ErrorResults.swift */ = {isa = PBXFileReference; lastKnownFileType = sourcecode.swift; path = ErrorResults.swift; sourceTree = "<group>"; };
		A9590C631F88289C00980854 /* TMDBParseOperation.swift */ = {isa = PBXFileReference; lastKnownFileType = sourcecode.swift; path = TMDBParseOperation.swift; sourceTree = "<group>"; };
		A97DE19A1F8D3A9100DA5E31 /* ImageTypes.swift */ = {isa = PBXFileReference; lastKnownFileType = sourcecode.swift; path = ImageTypes.swift; sourceTree = "<group>"; };
		A97DE19C1F8D3CAC00DA5E31 /* ImageParseOperation.swift */ = {isa = PBXFileReference; lastKnownFileType = sourcecode.swift; path = ImageParseOperation.swift; sourceTree = "<group>"; };
		A97DE19E1F8D6CFD00DA5E31 /* ImageConfig.swift */ = {isa = PBXFileReference; lastKnownFileType = sourcecode.swift; path = ImageConfig.swift; sourceTree = "<group>"; };
		A9855BA91BEC3EDB00000031 /* TheMovieManager.app */ = {isa = PBXFileReference; explicitFileType = wrapper.application; includeInIndex = 0; path = TheMovieManager.app; sourceTree = BUILT_PRODUCTS_DIR; };
		A9855BAC1BEC3EDB00000031 /* AppDelegate.swift */ = {isa = PBXFileReference; lastKnownFileType = sourcecode.swift; path = AppDelegate.swift; sourceTree = "<group>"; };
		A9855BB11BEC3EDB00000031 /* Base */ = {isa = PBXFileReference; lastKnownFileType = file.storyboard; name = Base; path = Base.lproj/Main.storyboard; sourceTree = "<group>"; };
		A9855BB31BEC3EDB00000031 /* Assets.xcassets */ = {isa = PBXFileReference; lastKnownFileType = folder.assetcatalog; path = Assets.xcassets; sourceTree = "<group>"; };
		A9855BB81BEC3EDB00000031 /* Info.plist */ = {isa = PBXFileReference; lastKnownFileType = text.plist.xml; path = Info.plist; sourceTree = "<group>"; };
		A9855BC01BEC40C400000031 /* BorderedButton.swift */ = {isa = PBXFileReference; fileEncoding = 4; lastKnownFileType = sourcecode.swift; path = BorderedButton.swift; sourceTree = "<group>"; };
		A9855BCA1BEC41A800000031 /* TMDBAuthViewController.swift */ = {isa = PBXFileReference; fileEncoding = 4; lastKnownFileType = sourcecode.swift; path = TMDBAuthViewController.swift; sourceTree = "<group>"; };
		A9855BCC1BEC41A800000031 /* Movie.swift */ = {isa = PBXFileReference; fileEncoding = 4; lastKnownFileType = sourcecode.swift; path = Movie.swift; sourceTree = "<group>"; };
		A9855BD01BEC41F500000031 /* LoginViewController.swift */ = {isa = PBXFileReference; fileEncoding = 4; lastKnownFileType = sourcecode.swift; path = LoginViewController.swift; sourceTree = "<group>"; };
		A9855BD91BEC4DEB00000031 /* MoviesViewController.swift */ = {isa = PBXFileReference; fileEncoding = 4; lastKnownFileType = sourcecode.swift; path = MoviesViewController.swift; sourceTree = "<group>"; };
		A9855BDA1BEC4DEB00000031 /* MovieViewController.swift */ = {isa = PBXFileReference; fileEncoding = 4; lastKnownFileType = sourcecode.swift; path = MovieViewController.swift; sourceTree = "<group>"; };
		A9855BDB1BEC4DEB00000031 /* MovieSearchViewController.swift */ = {isa = PBXFileReference; fileEncoding = 4; lastKnownFileType = sourcecode.swift; path = MovieSearchViewController.swift; sourceTree = "<group>"; };
		A99306B81F87A2A200BB7680 /* MovieResults.swift */ = {isa = PBXFileReference; lastKnownFileType = sourcecode.swift; path = MovieResults.swift; sourceTree = "<group>"; };
		A99306BA1F87AB2700BB7680 /* Config.swift */ = {isa = PBXFileReference; lastKnownFileType = sourcecode.swift; path = Config.swift; sourceTree = "<group>"; };
		A99306BC1F87AD2E00BB7680 /* TMDB.swift */ = {isa = PBXFileReference; lastKnownFileType = sourcecode.swift; path = TMDB.swift; sourceTree = "<group>"; };
		A99306BE1F87B06A00BB7680 /* MarkMedia.swift */ = {isa = PBXFileReference; lastKnownFileType = sourcecode.swift; path = MarkMedia.swift; sourceTree = "<group>"; };
		A99306C01F87B11200BB7680 /* Status.swift */ = {isa = PBXFileReference; lastKnownFileType = sourcecode.swift; path = Status.swift; sourceTree = "<group>"; };
		A99306C21F87B18900BB7680 /* RequestToken.swift */ = {isa = PBXFileReference; lastKnownFileType = sourcecode.swift; path = RequestToken.swift; sourceTree = "<group>"; };
		A99306C41F87B1A100BB7680 /* SessionID.swift */ = {isa = PBXFileReference; lastKnownFileType = sourcecode.swift; path = SessionID.swift; sourceTree = "<group>"; };
		A99306C61F87B27F00BB7680 /* Account.swift */ = {isa = PBXFileReference; lastKnownFileType = sourcecode.swift; path = Account.swift; sourceTree = "<group>"; };
		A9AFBD171F8D78E8006DF792 /* UIViewController+Alert.swift */ = {isa = PBXFileReference; lastKnownFileType = sourcecode.swift; path = "UIViewController+Alert.swift"; sourceTree = "<group>"; };
		A9FA13581D1AB76500B5F46E /* Base */ = {isa = PBXFileReference; lastKnownFileType = file.xib; name = Base; path = Base.lproj/LaunchScreen.xib; sourceTree = "<group>"; };
/* End PBXFileReference section */

/* Begin PBXFrameworksBuildPhase section */
		A9855BA61BEC3EDB00000031 /* Frameworks */ = {
			isa = PBXFrameworksBuildPhase;
			buildActionMask = 2147483647;
			files = (
			);
			runOnlyForDeploymentPostprocessing = 0;
		};
/* End PBXFrameworksBuildPhase section */

/* Begin PBXGroup section */
		A932966C1F87C64C00D6C6C6 /* Extensions */ = {
			isa = PBXGroup;
			children = (
				A932966D1F87C66000D6C6C6 /* UIColor+Theme.swift */,
				A9AFBD171F8D78E8006DF792 /* UIViewController+Alert.swift */,
			);
			name = Extensions;
			sourceTree = "<group>";
		};
		A9855BA01BEC3EDB00000031 = {
			isa = PBXGroup;
			children = (
				A9855BAB1BEC3EDB00000031 /* TheMovieManager */,
				A9855BAA1BEC3EDB00000031 /* Products */,
			);
			sourceTree = "<group>";
		};
		A9855BAA1BEC3EDB00000031 /* Products */ = {
			isa = PBXGroup;
			children = (
				A9855BA91BEC3EDB00000031 /* TheMovieManager.app */,
			);
			name = Products;
			sourceTree = "<group>";
		};
		A9855BAB1BEC3EDB00000031 /* TheMovieManager */ = {
			isa = PBXGroup;
			children = (
				A9855BAC1BEC3EDB00000031 /* AppDelegate.swift */,
				A9855BD21BEC425F00000031 /* Models */,
				A9855BD41BEC426A00000031 /* Views */,
				A9855BD31BEC426300000031 /* Controllers */,
				A932966C1F87C64C00D6C6C6 /* Extensions */,
				A9855BBE1BEC3EE300000031 /* Assets */,
				A9855BBF1BEC3EEF00000031 /* Supporting Files */,
			);
			path = TheMovieManager;
			sourceTree = "<group>";
		};
		A9855BBE1BEC3EE300000031 /* Assets */ = {
			isa = PBXGroup;
			children = (
				A9FA13571D1AB76500B5F46E /* LaunchScreen.xib */,
				A9855BB31BEC3EDB00000031 /* Assets.xcassets */,
				A9855BB01BEC3EDB00000031 /* Main.storyboard */,
			);
			name = Assets;
			sourceTree = "<group>";
		};
		A9855BBF1BEC3EEF00000031 /* Supporting Files */ = {
			isa = PBXGroup;
			children = (
				A9855BB81BEC3EDB00000031 /* Info.plist */,
			);
			name = "Supporting Files";
			sourceTree = "<group>";
		};
		A9855BD21BEC425F00000031 /* Models */ = {
			isa = PBXGroup;
			children = (
				A9855BCC1BEC41A800000031 /* Movie.swift */,
				A926A2771F8BF9FC00C16F30 /* MovieState.swift */,
				A99306B81F87A2A200BB7680 /* MovieResults.swift */,
				A99306BA1F87AB2700BB7680 /* Config.swift */,
				A97DE19E1F8D6CFD00DA5E31 /* ImageConfig.swift */,
				A97DE19A1F8D3A9100DA5E31 /* ImageTypes.swift */,
				A99306BE1F87B06A00BB7680 /* MarkMedia.swift */,
				A99306C01F87B11200BB7680 /* Status.swift */,
				A99306C21F87B18900BB7680 /* RequestToken.swift */,
				A99306C41F87B1A100BB7680 /* SessionID.swift */,
				A9590C611F88135A00980854 /* ErrorResults.swift */,
				A99306C61F87B27F00BB7680 /* Account.swift */,
				A99306C81F87B3E200BB7680 /* API */,
				A99306C91F87B3EF00BB7680 /* Operations */,
				A99306CA1F87B3F900BB7680 /* DataSources */,
			);
			name = Models;
			sourceTree = "<group>";
		};
		A9855BD31BEC426300000031 /* Controllers */ = {
			isa = PBXGroup;
			children = (
				A9855BD01BEC41F500000031 /* LoginViewController.swift */,
				A9855BDB1BEC4DEB00000031 /* MovieSearchViewController.swift */,
				A9855BD91BEC4DEB00000031 /* MoviesViewController.swift */,
				A9855BDA1BEC4DEB00000031 /* MovieViewController.swift */,
			);
			name = Controllers;
			sourceTree = "<group>";
		};
		A9855BD41BEC426A00000031 /* Views */ = {
			isa = PBXGroup;
			children = (
				A9855BC01BEC40C400000031 /* BorderedButton.swift */,
			);
			name = Views;
			sourceTree = "<group>";
		};
		A99306C81F87B3E200BB7680 /* API */ = {
			isa = PBXGroup;
			children = (
				A99306BC1F87AD2E00BB7680 /* TMDB.swift */,
				A939B17F1F8BAD5D00291CDA /* TMDBRequest.swift */,
				A9590C631F88289C00980854 /* TMDBParseOperation.swift */,
				A9855BCA1BEC41A800000031 /* TMDBAuthViewController.swift */,
			);
			name = API;
			sourceTree = "<group>";
		};
		A99306C91F87B3EF00BB7680 /* Operations */ = {
			isa = PBXGroup;
			children = (
				A932965C1F87BFFF00D6C6C6 /* OperationState.swift */,
				A932965D1F87BFFF00D6C6C6 /* BaseOperation.swift */,
				A9590C5B1F87EF5400980854 /* FetchOperation.swift */,
				A93296601F87C04800D6C6C6 /* ParseOperation.swift */,
				A97DE19C1F8D3CAC00DA5E31 /* ImageParseOperation.swift */,
			);
			name = Operations;
			sourceTree = "<group>";
		};
		A99306CA1F87B3F900BB7680 /* DataSources */ = {
			isa = PBXGroup;
			children = (
				A93296641F87C3F800D6C6C6 /* MovieDataSource.swift */,
				A932966A1F87C42200D6C6C6 /* MoviesDataSource.swift */,
			);
			name = DataSources;
			sourceTree = "<group>";
		};
/* End PBXGroup section */

/* Begin PBXNativeTarget section */
		A9855BA81BEC3EDB00000031 /* TheMovieManager */ = {
			isa = PBXNativeTarget;
			buildConfigurationList = A9855BBB1BEC3EDB00000031 /* Build configuration list for PBXNativeTarget "TheMovieManager" */;
			buildPhases = (
				A9855BA51BEC3EDB00000031 /* Sources */,
				A9855BA61BEC3EDB00000031 /* Frameworks */,
				A9855BA71BEC3EDB00000031 /* Resources */,
			);
			buildRules = (
			);
			dependencies = (
			);
			name = TheMovieManager;
			productName = TheMovieManager;
			productReference = A9855BA91BEC3EDB00000031 /* TheMovieManager.app */;
			productType = "com.apple.product-type.application";
		};
/* End PBXNativeTarget section */

/* Begin PBXProject section */
		A9855BA11BEC3EDB00000031 /* Project object */ = {
			isa = PBXProject;
			attributes = {
				LastSwiftUpdateCheck = 0710;
				LastUpgradeCheck = 0900;
				ORGANIZATIONNAME = Udacity;
				TargetAttributes = {
					A9855BA81BEC3EDB00000031 = {
						CreatedOnToolsVersion = 7.1;
						LastSwiftMigration = 0900;
					};
				};
			};
			buildConfigurationList = A9855BA41BEC3EDB00000031 /* Build configuration list for PBXProject "TheMovieManager" */;
			compatibilityVersion = "Xcode 3.2";
			developmentRegion = English;
			hasScannedForEncodings = 0;
			knownRegions = (
				en,
				Base,
			);
			mainGroup = A9855BA01BEC3EDB00000031;
			productRefGroup = A9855BAA1BEC3EDB00000031 /* Products */;
			projectDirPath = "";
			projectRoot = "";
			targets = (
				A9855BA81BEC3EDB00000031 /* TheMovieManager */,
			);
		};
/* End PBXProject section */

/* Begin PBXResourcesBuildPhase section */
		A9855BA71BEC3EDB00000031 /* Resources */ = {
			isa = PBXResourcesBuildPhase;
			buildActionMask = 2147483647;
			files = (
				A9855BB41BEC3EDB00000031 /* Assets.xcassets in Resources */,
				A9FA13591D1AB76500B5F46E /* LaunchScreen.xib in Resources */,
				A9855BB21BEC3EDB00000031 /* Main.storyboard in Resources */,
			);
			runOnlyForDeploymentPostprocessing = 0;
		};
/* End PBXResourcesBuildPhase section */

/* Begin PBXSourcesBuildPhase section */
		A9855BA51BEC3EDB00000031 /* Sources */ = {
			isa = PBXSourcesBuildPhase;
			buildActionMask = 2147483647;
			files = (
				A9855BAD1BEC3EDB00000031 /* AppDelegate.swift in Sources */,
				A932965E1F87BFFF00D6C6C6 /* OperationState.swift in Sources */,
				A9AFBD181F8D78E8006DF792 /* UIViewController+Alert.swift in Sources */,
				A99306C71F87B27F00BB7680 /* Account.swift in Sources */,
				A9855BCF1BEC41A800000031 /* Movie.swift in Sources */,
				A99306BF1F87B06A00BB7680 /* MarkMedia.swift in Sources */,
				A99306C31F87B18900BB7680 /* RequestToken.swift in Sources */,
				A939B1801F8BAD5D00291CDA /* TMDBRequest.swift in Sources */,
				A99306BD1F87AD2E00BB7680 /* TMDB.swift in Sources */,
				A9590C641F88289C00980854 /* TMDBParseOperation.swift in Sources */,
				A93296621F87C04800D6C6C6 /* ParseOperation.swift in Sources */,
				A926A2781F8BF9FC00C16F30 /* MovieState.swift in Sources */,
				A97DE19D1F8D3CAC00DA5E31 /* ImageParseOperation.swift in Sources */,
				A9855BDE1BEC4DEB00000031 /* MovieViewController.swift in Sources */,
				A97DE19B1F8D3A9100DA5E31 /* ImageTypes.swift in Sources */,
				A932966E1F87C66000D6C6C6 /* UIColor+Theme.swift in Sources */,
				A99306B91F87A2A200BB7680 /* MovieResults.swift in Sources */,
				A9855BDD1BEC4DEB00000031 /* MoviesViewController.swift in Sources */,
				A9590C621F88135A00980854 /* ErrorResults.swift in Sources */,
				A9855BC21BEC40C400000031 /* BorderedButton.swift in Sources */,
				A9590C5C1F87EF5400980854 /* FetchOperation.swift in Sources */,
				A93296651F87C3F800D6C6C6 /* MovieDataSource.swift in Sources */,
				A9855BDF1BEC4DEB00000031 /* MovieSearchViewController.swift in Sources */,
				A932965F1F87BFFF00D6C6C6 /* BaseOperation.swift in Sources */,
				A99306BB1F87AB2700BB7680 /* Config.swift in Sources */,
				A9855BD11BEC41F500000031 /* LoginViewController.swift in Sources */,
				A99306C51F87B1A100BB7680 /* SessionID.swift in Sources */,
				A99306C11F87B11200BB7680 /* Status.swift in Sources */,
				A97DE19F1F8D6CFD00DA5E31 /* ImageConfig.swift in Sources */,
				A932966B1F87C42200D6C6C6 /* MoviesDataSource.swift in Sources */,
				A9855BCD1BEC41A800000031 /* TMDBAuthViewController.swift in Sources */,
			);
			runOnlyForDeploymentPostprocessing = 0;
		};
/* End PBXSourcesBuildPhase section */

/* Begin PBXVariantGroup section */
		A9855BB01BEC3EDB00000031 /* Main.storyboard */ = {
			isa = PBXVariantGroup;
			children = (
				A9855BB11BEC3EDB00000031 /* Base */,
			);
			name = Main.storyboard;
			sourceTree = "<group>";
		};
		A9FA13571D1AB76500B5F46E /* LaunchScreen.xib */ = {
			isa = PBXVariantGroup;
			children = (
				A9FA13581D1AB76500B5F46E /* Base */,
			);
			name = LaunchScreen.xib;
			sourceTree = "<group>";
		};
/* End PBXVariantGroup section */

/* Begin XCBuildConfiguration section */
		A9855BB91BEC3EDB00000031 /* Debug */ = {
			isa = XCBuildConfiguration;
			buildSettings = {
				ALWAYS_SEARCH_USER_PATHS = NO;
				CLANG_CXX_LANGUAGE_STANDARD = "gnu++0x";
				CLANG_CXX_LIBRARY = "libc++";
				CLANG_ENABLE_MODULES = YES;
				CLANG_ENABLE_OBJC_ARC = YES;
				CLANG_WARN_BLOCK_CAPTURE_AUTORELEASING = YES;
				CLANG_WARN_BOOL_CONVERSION = YES;
				CLANG_WARN_COMMA = YES;
				CLANG_WARN_CONSTANT_CONVERSION = YES;
				CLANG_WARN_DIRECT_OBJC_ISA_USAGE = YES_ERROR;
				CLANG_WARN_EMPTY_BODY = YES;
				CLANG_WARN_ENUM_CONVERSION = YES;
				CLANG_WARN_INFINITE_RECURSION = YES;
				CLANG_WARN_INT_CONVERSION = YES;
				CLANG_WARN_NON_LITERAL_NULL_CONVERSION = YES;
				CLANG_WARN_OBJC_LITERAL_CONVERSION = YES;
				CLANG_WARN_OBJC_ROOT_CLASS = YES_ERROR;
				CLANG_WARN_RANGE_LOOP_ANALYSIS = YES;
				CLANG_WARN_STRICT_PROTOTYPES = YES;
				CLANG_WARN_SUSPICIOUS_MOVE = YES;
				CLANG_WARN_UNREACHABLE_CODE = YES;
				CLANG_WARN__DUPLICATE_METHOD_MATCH = YES;
				"CODE_SIGN_IDENTITY[sdk=iphoneos*]" = "iPhone Developer";
				COPY_PHASE_STRIP = NO;
				DEBUG_INFORMATION_FORMAT = dwarf;
				ENABLE_STRICT_OBJC_MSGSEND = YES;
				ENABLE_TESTABILITY = YES;
				GCC_C_LANGUAGE_STANDARD = gnu99;
				GCC_DYNAMIC_NO_PIC = NO;
				GCC_NO_COMMON_BLOCKS = YES;
				GCC_OPTIMIZATION_LEVEL = 0;
				GCC_PREPROCESSOR_DEFINITIONS = (
					"DEBUG=1",
					"$(inherited)",
				);
				GCC_WARN_64_TO_32_BIT_CONVERSION = YES;
				GCC_WARN_ABOUT_RETURN_TYPE = YES_ERROR;
				GCC_WARN_UNDECLARED_SELECTOR = YES;
				GCC_WARN_UNINITIALIZED_AUTOS = YES_AGGRESSIVE;
				GCC_WARN_UNUSED_FUNCTION = YES;
				GCC_WARN_UNUSED_VARIABLE = YES;
				IPHONEOS_DEPLOYMENT_TARGET = 9.1;
				MTL_ENABLE_DEBUG_INFO = YES;
				ONLY_ACTIVE_ARCH = YES;
				SDKROOT = iphoneos;
				SWIFT_OPTIMIZATION_LEVEL = "-Onone";
				TARGETED_DEVICE_FAMILY = "1,2";
			};
			name = Debug;
		};
		A9855BBA1BEC3EDB00000031 /* Release */ = {
			isa = XCBuildConfiguration;
			buildSettings = {
				ALWAYS_SEARCH_USER_PATHS = NO;
				CLANG_CXX_LANGUAGE_STANDARD = "gnu++0x";
				CLANG_CXX_LIBRARY = "libc++";
				CLANG_ENABLE_MODULES = YES;
				CLANG_ENABLE_OBJC_ARC = YES;
				CLANG_WARN_BLOCK_CAPTURE_AUTORELEASING = YES;
				CLANG_WARN_BOOL_CONVERSION = YES;
				CLANG_WARN_COMMA = YES;
				CLANG_WARN_CONSTANT_CONVERSION = YES;
				CLANG_WARN_DIRECT_OBJC_ISA_USAGE = YES_ERROR;
				CLANG_WARN_EMPTY_BODY = YES;
				CLANG_WARN_ENUM_CONVERSION = YES;
				CLANG_WARN_INFINITE_RECURSION = YES;
				CLANG_WARN_INT_CONVERSION = YES;
				CLANG_WARN_NON_LITERAL_NULL_CONVERSION = YES;
				CLANG_WARN_OBJC_LITERAL_CONVERSION = YES;
				CLANG_WARN_OBJC_ROOT_CLASS = YES_ERROR;
				CLANG_WARN_RANGE_LOOP_ANALYSIS = YES;
				CLANG_WARN_STRICT_PROTOTYPES = YES;
				CLANG_WARN_SUSPICIOUS_MOVE = YES;
				CLANG_WARN_UNREACHABLE_CODE = YES;
				CLANG_WARN__DUPLICATE_METHOD_MATCH = YES;
				"CODE_SIGN_IDENTITY[sdk=iphoneos*]" = "iPhone Developer";
				COPY_PHASE_STRIP = NO;
				DEBUG_INFORMATION_FORMAT = "dwarf-with-dsym";
				ENABLE_NS_ASSERTIONS = NO;
				ENABLE_STRICT_OBJC_MSGSEND = YES;
				GCC_C_LANGUAGE_STANDARD = gnu99;
				GCC_NO_COMMON_BLOCKS = YES;
				GCC_WARN_64_TO_32_BIT_CONVERSION = YES;
				GCC_WARN_ABOUT_RETURN_TYPE = YES_ERROR;
				GCC_WARN_UNDECLARED_SELECTOR = YES;
				GCC_WARN_UNINITIALIZED_AUTOS = YES_AGGRESSIVE;
				GCC_WARN_UNUSED_FUNCTION = YES;
				GCC_WARN_UNUSED_VARIABLE = YES;
				IPHONEOS_DEPLOYMENT_TARGET = 9.1;
				MTL_ENABLE_DEBUG_INFO = NO;
				SDKROOT = iphoneos;
				TARGETED_DEVICE_FAMILY = "1,2";
				VALIDATE_PRODUCT = YES;
			};
			name = Release;
		};
		A9855BBC1BEC3EDB00000031 /* Debug */ = {
			isa = XCBuildConfiguration;
			buildSettings = {
				ASSETCATALOG_COMPILER_APPICON_NAME = AppIcon;
				INFOPLIST_FILE = TheMovieManager/Info.plist;
				LD_RUNPATH_SEARCH_PATHS = "$(inherited) @executable_path/Frameworks";
				PRODUCT_BUNDLE_IDENTIFIER = com.Udacity.TheMovieManager;
				PRODUCT_NAME = "$(TARGET_NAME)";
				SWIFT_SWIFT3_OBJC_INFERENCE = Default;
				SWIFT_VERSION = 4.0;
			};
			name = Debug;
		};
		A9855BBD1BEC3EDB00000031 /* Release */ = {
			isa = XCBuildConfiguration;
			buildSettings = {
				ASSETCATALOG_COMPILER_APPICON_NAME = AppIcon;
				INFOPLIST_FILE = TheMovieManager/Info.plist;
				LD_RUNPATH_SEARCH_PATHS = "$(inherited) @executable_path/Frameworks";
				PRODUCT_BUNDLE_IDENTIFIER = com.Udacity.TheMovieManager;
				PRODUCT_NAME = "$(TARGET_NAME)";
				SWIFT_OPTIMIZATION_LEVEL = "-Owholemodule";
				SWIFT_SWIFT3_OBJC_INFERENCE = Default;
				SWIFT_VERSION = 4.0;
			};
			name = Release;
		};
/* End XCBuildConfiguration section */

/* Begin XCConfigurationList section */
		A9855BA41BEC3EDB00000031 /* Build configuration list for PBXProject "TheMovieManager" */ = {
			isa = XCConfigurationList;
			buildConfigurations = (
				A9855BB91BEC3EDB00000031 /* Debug */,
				A9855BBA1BEC3EDB00000031 /* Release */,
			);
			defaultConfigurationIsVisible = 0;
			defaultConfigurationName = Release;
		};
		A9855BBB1BEC3EDB00000031 /* Build configuration list for PBXNativeTarget "TheMovieManager" */ = {
			isa = XCConfigurationList;
			buildConfigurations = (
				A9855BBC1BEC3EDB00000031 /* Debug */,
				A9855BBD1BEC3EDB00000031 /* Release */,
			);
			defaultConfigurationIsVisible = 0;
			defaultConfigurationName = Release;
		};
/* End XCConfigurationList section */
	};
	rootObject = A9855BA11BEC3EDB00000031 /* Project object */;
}
